
Microsoft Visual Studio Solution File, Format Version 12.00
# Visual Studio 2013
VisualStudioVersion = 12.0.30324.0
MinimumVisualStudioVersion = 10.0.40219.1
Project("{FAE04EC0-301F-11D3-BF4B-00C04F79EFBC}") = "Proje28c81243206f1bb26b861ca0162678ce11b538c", "Proje28c81243206f1bb26b861ca0162678ce11b538c.csproj", "{4B9CDDA9-5F91-4DFC-848A-9F70CAE523BC}"
EndProject
Global
	GlobalSection(SolutionConfigurationPlatforms) = preSolution
		Debug|x86 = Debug|x86
		Release|x86 = Release|x86
	EndGlobalSection
	GlobalSection(ProjectConfigurationPlatforms) = postSolution
		{4B9CDDA9-5F91-4DFC-848A-9F70CAE523BC}.Debug|x86.ActiveCfg = Debug|x86
		{4B9CDDA9-5F91-4DFC-848A-9F70CAE523BC}.Debug|x86.Build.0 = Debug|x86
		{4B9CDDA9-5F91-4DFC-848A-9F70CAE523BC}.Release|x86.ActiveCfg = Release|x86
		{4B9CDDA9-5F91-4DFC-848A-9F70CAE523BC}.Release|x86.Build.0 = Release|x86
	EndGlobalSection
	GlobalSection(SolutionProperties) = preSolution
		HideSolutionNode = FALSE
	EndGlobalSection
EndGlobal
