
Microsoft Visual Studio Solution File, Format Version 12.00
# Visual Studio 2013
VisualStudioVersion = 12.0.30324.0
MinimumVisualStudioVersion = 10.0.40219.1
Project("{FAE04EC0-301F-11D3-BF4B-00C04F79EFBC}") = "Projcc3d32746f60ed5a9f3775ef0ec44424b03d65cf", "Projcc3d32746f60ed5a9f3775ef0ec44424b03d65cf.csproj", "{14A441F0-5AD6-48FB-9FAC-F4DD7C905391}"
EndProject
Global
	GlobalSection(SolutionConfigurationPlatforms) = preSolution
		Debug|x86 = Debug|x86
		Release|x86 = Release|x86
	EndGlobalSection
	GlobalSection(ProjectConfigurationPlatforms) = postSolution
		{14A441F0-5AD6-48FB-9FAC-F4DD7C905391}.Debug|x86.ActiveCfg = Debug|x86
		{14A441F0-5AD6-48FB-9FAC-F4DD7C905391}.Debug|x86.Build.0 = Debug|x86
		{14A441F0-5AD6-48FB-9FAC-F4DD7C905391}.Release|x86.ActiveCfg = Release|x86
		{14A441F0-5AD6-48FB-9FAC-F4DD7C905391}.Release|x86.Build.0 = Release|x86
	EndGlobalSection
	GlobalSection(SolutionProperties) = preSolution
		HideSolutionNode = FALSE
	EndGlobalSection
EndGlobal
