
Microsoft Visual Studio Solution File, Format Version 12.00
# Visual Studio 14
VisualStudioVersion = 14.0.24720.0
MinimumVisualStudioVersion = 10.0.40219.1
Project("{FAE04EC0-301F-11D3-BF4B-00C04F79EFBC}") = "IntelliMeta", "IntelliMeta\IntelliMeta.csproj", "{E58856BB-13E3-4828-B548-08E7343B2FD9}"
EndProject
Project("{FAE04EC0-301F-11D3-BF4B-00C04F79EFBC}") = "IntelliLocation", "IntelliLocation\IntelliLocation.csproj", "{383AB69B-75EC-49D5-A6CF-3B2830EBE854}"
EndProject
Project("{FAE04EC0-301F-11D3-BF4B-00C04F79EFBC}") = "LocateAdornment", "LocateAdornment\LocateAdornment.csproj", "{6C48821E-FFA3-42D4-9201-078ED13D554F}"
EndProject
Project("{FAE04EC0-301F-11D3-BF4B-00C04F79EFBC}") = "ExampleRefactoring", "ExampleRefactoring\ExampleRefactoring.csproj", "{6060B3C1-8B16-47AE-A7A5-B34EB1C170AD}"
EndProject
Project("{FAE04EC0-301F-11D3-BF4B-00C04F79EFBC}") = "LocationRefactoring", "LocationCodeRefactoring\LocationRefactoring.csproj", "{638186DB-E7E4-4E76-B51E-1C35EFAE6280}"
EndProject
Project("{FAE04EC0-301F-11D3-BF4B-00C04F79EFBC}") = "DirectedGraph", "DirectedGraph\DirectedGraph\DirectedGraph.csproj", "{E4BCC550-8993-4D14-B2DC-B6D778A025FC}"
EndProject
Project("{FAE04EC0-301F-11D3-BF4B-00C04F79EFBC}") = "NUnitTests", "NUnitTests\NUnitTests.csproj", "{853D5162-EAAD-4373-9CAA-62C21476965B}"
EndProject
Project("{FAE04EC0-301F-11D3-BF4B-00C04F79EFBC}") = "IntelliExtract", "IntelliExtract\IntelliExtract.csproj", "{76E64BA5-504D-4758-AFCE-35EE6DA1F394}"
EndProject
Project("{FAE04EC0-301F-11D3-BF4B-00C04F79EFBC}") = "Refactor", "Refactor\Refactor.csproj", "{E3086D8D-632E-42CE-AF8B-6092F627F79F}"
EndProject
Project("{FAE04EC0-301F-11D3-BF4B-00C04F79EFBC}") = "IntelliUndo", "IntelliUndo\IntelliUndo.csproj", "{0850E0F0-9366-4E53-B817-DF0036BB4072}"
EndProject
Project("{FAE04EC0-301F-11D3-BF4B-00C04F79EFBC}") = "ASTBuilder", "ASTBuilder\ASTBuilder.csproj", "{08E7CA7A-01A1-4C4F-954E-54CA735CE37D}"
EndProject
Project("{FAE04EC0-301F-11D3-BF4B-00C04F79EFBC}") = "ProseSample", "ProgramSynthesis\ProseSample\ProseSample.csproj", "{C7FC4D3C-3CAE-42B9-AFF9-83CB07A7872F}"
EndProject
Project("{FAE04EC0-301F-11D3-BF4B-00C04F79EFBC}") = "ProseSample.Substrings", "ProgramSynthesis\ProseSample.Substrings\ProseSample.Substrings.csproj", "{41E9A9B1-B013-4A87-9759-E3004FEF8A81}"
EndProject
Project("{FAE04EC0-301F-11D3-BF4B-00C04F79EFBC}") = "ProseSample.TextExtraction", "ProgramSynthesis\ProseSample.TextExtraction\ProseSample.TextExtraction.csproj", "{5AA217F9-DEAB-46BE-81BE-AFD00948AC50}"
EndProject
Global
	GlobalSection(SolutionConfigurationPlatforms) = preSolution
		Debug|Any CPU = Debug|Any CPU
		Debug|x86 = Debug|x86
		Release|Any CPU = Release|Any CPU
		Release|x86 = Release|x86
	EndGlobalSection
	GlobalSection(ProjectConfigurationPlatforms) = postSolution
		{E58856BB-13E3-4828-B548-08E7343B2FD9}.Debug|Any CPU.ActiveCfg = Debug|Any CPU
		{E58856BB-13E3-4828-B548-08E7343B2FD9}.Debug|Any CPU.Build.0 = Debug|Any CPU
		{E58856BB-13E3-4828-B548-08E7343B2FD9}.Debug|x86.ActiveCfg = Debug|Any CPU
		{E58856BB-13E3-4828-B548-08E7343B2FD9}.Release|Any CPU.ActiveCfg = Release|Any CPU
		{E58856BB-13E3-4828-B548-08E7343B2FD9}.Release|Any CPU.Build.0 = Release|Any CPU
		{E58856BB-13E3-4828-B548-08E7343B2FD9}.Release|x86.ActiveCfg = Release|Any CPU
		{383AB69B-75EC-49D5-A6CF-3B2830EBE854}.Debug|Any CPU.ActiveCfg = Debug|Any CPU
		{383AB69B-75EC-49D5-A6CF-3B2830EBE854}.Debug|Any CPU.Build.0 = Debug|Any CPU
		{383AB69B-75EC-49D5-A6CF-3B2830EBE854}.Debug|x86.ActiveCfg = Debug|Any CPU
		{383AB69B-75EC-49D5-A6CF-3B2830EBE854}.Release|Any CPU.ActiveCfg = Release|Any CPU
		{383AB69B-75EC-49D5-A6CF-3B2830EBE854}.Release|Any CPU.Build.0 = Release|Any CPU
		{383AB69B-75EC-49D5-A6CF-3B2830EBE854}.Release|x86.ActiveCfg = Release|Any CPU
		{6C48821E-FFA3-42D4-9201-078ED13D554F}.Debug|Any CPU.ActiveCfg = Debug|Any CPU
		{6C48821E-FFA3-42D4-9201-078ED13D554F}.Debug|Any CPU.Build.0 = Debug|Any CPU
		{6C48821E-FFA3-42D4-9201-078ED13D554F}.Debug|x86.ActiveCfg = Debug|Any CPU
		{6C48821E-FFA3-42D4-9201-078ED13D554F}.Release|Any CPU.ActiveCfg = Release|Any CPU
		{6C48821E-FFA3-42D4-9201-078ED13D554F}.Release|Any CPU.Build.0 = Release|Any CPU
		{6C48821E-FFA3-42D4-9201-078ED13D554F}.Release|x86.ActiveCfg = Release|Any CPU
		{6060B3C1-8B16-47AE-A7A5-B34EB1C170AD}.Debug|Any CPU.ActiveCfg = Debug|Any CPU
		{6060B3C1-8B16-47AE-A7A5-B34EB1C170AD}.Debug|Any CPU.Build.0 = Debug|Any CPU
		{6060B3C1-8B16-47AE-A7A5-B34EB1C170AD}.Debug|x86.ActiveCfg = Debug|x86
		{6060B3C1-8B16-47AE-A7A5-B34EB1C170AD}.Debug|x86.Build.0 = Debug|x86
		{6060B3C1-8B16-47AE-A7A5-B34EB1C170AD}.Release|Any CPU.ActiveCfg = Release|Any CPU
		{6060B3C1-8B16-47AE-A7A5-B34EB1C170AD}.Release|Any CPU.Build.0 = Release|Any CPU
		{6060B3C1-8B16-47AE-A7A5-B34EB1C170AD}.Release|x86.ActiveCfg = Release|x86
		{6060B3C1-8B16-47AE-A7A5-B34EB1C170AD}.Release|x86.Build.0 = Release|x86
		{638186DB-E7E4-4E76-B51E-1C35EFAE6280}.Debug|Any CPU.ActiveCfg = Debug|Any CPU
		{638186DB-E7E4-4E76-B51E-1C35EFAE6280}.Debug|Any CPU.Build.0 = Debug|Any CPU
		{638186DB-E7E4-4E76-B51E-1C35EFAE6280}.Debug|x86.ActiveCfg = Debug|x86
		{638186DB-E7E4-4E76-B51E-1C35EFAE6280}.Debug|x86.Build.0 = Debug|x86
		{638186DB-E7E4-4E76-B51E-1C35EFAE6280}.Release|Any CPU.ActiveCfg = Release|Any CPU
		{638186DB-E7E4-4E76-B51E-1C35EFAE6280}.Release|Any CPU.Build.0 = Release|Any CPU
		{638186DB-E7E4-4E76-B51E-1C35EFAE6280}.Release|x86.ActiveCfg = Release|x86
		{638186DB-E7E4-4E76-B51E-1C35EFAE6280}.Release|x86.Build.0 = Release|x86
		{E4BCC550-8993-4D14-B2DC-B6D778A025FC}.Debug|Any CPU.ActiveCfg = Debug|Any CPU
		{E4BCC550-8993-4D14-B2DC-B6D778A025FC}.Debug|Any CPU.Build.0 = Debug|Any CPU
		{E4BCC550-8993-4D14-B2DC-B6D778A025FC}.Debug|x86.ActiveCfg = Debug|Any CPU
		{E4BCC550-8993-4D14-B2DC-B6D778A025FC}.Release|Any CPU.ActiveCfg = Release|Any CPU
		{E4BCC550-8993-4D14-B2DC-B6D778A025FC}.Release|Any CPU.Build.0 = Release|Any CPU
		{E4BCC550-8993-4D14-B2DC-B6D778A025FC}.Release|x86.ActiveCfg = Release|Any CPU
		{853D5162-EAAD-4373-9CAA-62C21476965B}.Debug|Any CPU.ActiveCfg = Debug|Any CPU
		{853D5162-EAAD-4373-9CAA-62C21476965B}.Debug|Any CPU.Build.0 = Debug|Any CPU
		{853D5162-EAAD-4373-9CAA-62C21476965B}.Debug|x86.ActiveCfg = Debug|Any CPU
		{853D5162-EAAD-4373-9CAA-62C21476965B}.Release|Any CPU.ActiveCfg = Release|Any CPU
		{853D5162-EAAD-4373-9CAA-62C21476965B}.Release|Any CPU.Build.0 = Release|Any CPU
		{853D5162-EAAD-4373-9CAA-62C21476965B}.Release|x86.ActiveCfg = Release|Any CPU
		{76E64BA5-504D-4758-AFCE-35EE6DA1F394}.Debug|Any CPU.ActiveCfg = Debug|Any CPU
		{76E64BA5-504D-4758-AFCE-35EE6DA1F394}.Debug|Any CPU.Build.0 = Debug|Any CPU
		{76E64BA5-504D-4758-AFCE-35EE6DA1F394}.Debug|x86.ActiveCfg = Debug|Any CPU
		{76E64BA5-504D-4758-AFCE-35EE6DA1F394}.Release|Any CPU.ActiveCfg = Release|Any CPU
		{76E64BA5-504D-4758-AFCE-35EE6DA1F394}.Release|Any CPU.Build.0 = Release|Any CPU
		{76E64BA5-504D-4758-AFCE-35EE6DA1F394}.Release|x86.ActiveCfg = Release|Any CPU
		{E3086D8D-632E-42CE-AF8B-6092F627F79F}.Debug|Any CPU.ActiveCfg = Debug|Any CPU
		{E3086D8D-632E-42CE-AF8B-6092F627F79F}.Debug|Any CPU.Build.0 = Debug|Any CPU
		{E3086D8D-632E-42CE-AF8B-6092F627F79F}.Debug|x86.ActiveCfg = Debug|Any CPU
		{E3086D8D-632E-42CE-AF8B-6092F627F79F}.Release|Any CPU.ActiveCfg = Release|Any CPU
		{E3086D8D-632E-42CE-AF8B-6092F627F79F}.Release|Any CPU.Build.0 = Release|Any CPU
		{E3086D8D-632E-42CE-AF8B-6092F627F79F}.Release|x86.ActiveCfg = Release|Any CPU
		{0850E0F0-9366-4E53-B817-DF0036BB4072}.Debug|Any CPU.ActiveCfg = Debug|Any CPU
		{0850E0F0-9366-4E53-B817-DF0036BB4072}.Debug|Any CPU.Build.0 = Debug|Any CPU
		{0850E0F0-9366-4E53-B817-DF0036BB4072}.Debug|x86.ActiveCfg = Debug|Any CPU
		{0850E0F0-9366-4E53-B817-DF0036BB4072}.Release|Any CPU.ActiveCfg = Release|Any CPU
		{0850E0F0-9366-4E53-B817-DF0036BB4072}.Release|Any CPU.Build.0 = Release|Any CPU
		{0850E0F0-9366-4E53-B817-DF0036BB4072}.Release|x86.ActiveCfg = Release|Any CPU
		{08E7CA7A-01A1-4C4F-954E-54CA735CE37D}.Debug|Any CPU.ActiveCfg = Debug|Any CPU
		{08E7CA7A-01A1-4C4F-954E-54CA735CE37D}.Debug|Any CPU.Build.0 = Debug|Any CPU
		{08E7CA7A-01A1-4C4F-954E-54CA735CE37D}.Debug|x86.ActiveCfg = Debug|Any CPU
		{08E7CA7A-01A1-4C4F-954E-54CA735CE37D}.Debug|x86.Build.0 = Debug|Any CPU
		{08E7CA7A-01A1-4C4F-954E-54CA735CE37D}.Release|Any CPU.ActiveCfg = Release|Any CPU
		{08E7CA7A-01A1-4C4F-954E-54CA735CE37D}.Release|Any CPU.Build.0 = Release|Any CPU
		{08E7CA7A-01A1-4C4F-954E-54CA735CE37D}.Release|x86.ActiveCfg = Release|Any CPU
		{08E7CA7A-01A1-4C4F-954E-54CA735CE37D}.Release|x86.Build.0 = Release|Any CPU
		{C7FC4D3C-3CAE-42B9-AFF9-83CB07A7872F}.Debug|Any CPU.ActiveCfg = Debug|Any CPU
		{C7FC4D3C-3CAE-42B9-AFF9-83CB07A7872F}.Debug|Any CPU.Build.0 = Debug|Any CPU
		{C7FC4D3C-3CAE-42B9-AFF9-83CB07A7872F}.Debug|x86.ActiveCfg = Debug|Any CPU
		{C7FC4D3C-3CAE-42B9-AFF9-83CB07A7872F}.Debug|x86.Build.0 = Debug|Any CPU
		{C7FC4D3C-3CAE-42B9-AFF9-83CB07A7872F}.Release|Any CPU.ActiveCfg = Release|Any CPU
		{C7FC4D3C-3CAE-42B9-AFF9-83CB07A7872F}.Release|Any CPU.Build.0 = Release|Any CPU
		{C7FC4D3C-3CAE-42B9-AFF9-83CB07A7872F}.Release|x86.ActiveCfg = Release|Any CPU
		{C7FC4D3C-3CAE-42B9-AFF9-83CB07A7872F}.Release|x86.Build.0 = Release|Any CPU
		{41E9A9B1-B013-4A87-9759-E3004FEF8A81}.Debug|Any CPU.ActiveCfg = Debug|Any CPU
		{41E9A9B1-B013-4A87-9759-E3004FEF8A81}.Debug|Any CPU.Build.0 = Debug|Any CPU
		{41E9A9B1-B013-4A87-9759-E3004FEF8A81}.Debug|x86.ActiveCfg = Debug|Any CPU
		{41E9A9B1-B013-4A87-9759-E3004FEF8A81}.Debug|x86.Build.0 = Debug|Any CPU
		{41E9A9B1-B013-4A87-9759-E3004FEF8A81}.Release|Any CPU.ActiveCfg = Release|Any CPU
		{41E9A9B1-B013-4A87-9759-E3004FEF8A81}.Release|Any CPU.Build.0 = Release|Any CPU
		{41E9A9B1-B013-4A87-9759-E3004FEF8A81}.Release|x86.ActiveCfg = Release|Any CPU
		{41E9A9B1-B013-4A87-9759-E3004FEF8A81}.Release|x86.Build.0 = Release|Any CPU
		{5AA217F9-DEAB-46BE-81BE-AFD00948AC50}.Debug|Any CPU.ActiveCfg = Debug|Any CPU
		{5AA217F9-DEAB-46BE-81BE-AFD00948AC50}.Debug|Any CPU.Build.0 = Debug|Any CPU
		{5AA217F9-DEAB-46BE-81BE-AFD00948AC50}.Debug|x86.ActiveCfg = Debug|Any CPU
		{5AA217F9-DEAB-46BE-81BE-AFD00948AC50}.Debug|x86.Build.0 = Debug|Any CPU
		{5AA217F9-DEAB-46BE-81BE-AFD00948AC50}.Release|Any CPU.ActiveCfg = Release|Any CPU
		{5AA217F9-DEAB-46BE-81BE-AFD00948AC50}.Release|Any CPU.Build.0 = Release|Any CPU
		{5AA217F9-DEAB-46BE-81BE-AFD00948AC50}.Release|x86.ActiveCfg = Release|Any CPU
		{5AA217F9-DEAB-46BE-81BE-AFD00948AC50}.Release|x86.Build.0 = Release|Any CPU
	EndGlobalSection
	GlobalSection(SolutionProperties) = preSolution
		HideSolutionNode = FALSE
	EndGlobalSection
EndGlobal
