
Microsoft Visual Studio Solution File, Format Version 12.00
# Visual Studio 14
VisualStudioVersion = 14.0.24720.0
MinimumVisualStudioVersion = 10.0.40219.1
Project("{FAE04EC0-301F-11D3-BF4B-00C04F79EFBC}") = "ProseSample", "ProgramSynthesis\ProseSample\ProseSample.csproj", "{C7FC4D3C-3CAE-42B9-AFF9-83CB07A7872F}"
EndProject
Project("{FAE04EC0-301F-11D3-BF4B-00C04F79EFBC}") = "ProseSample.Substrings", "ProgramSynthesis\ProseSample.Substrings\ProseSample.Substrings.csproj", "{41E9A9B1-B013-4A87-9759-E3004FEF8A81}"
EndProject
Project("{FAE04EC0-301F-11D3-BF4B-00C04F79EFBC}") = "ProseSample.TextExtraction", "ProgramSynthesis\ProseSample.TextExtraction\ProseSample.TextExtraction.csproj", "{5AA217F9-DEAB-46BE-81BE-AFD00948AC50}"
EndProject
Project("{FAE04EC0-301F-11D3-BF4B-00C04F79EFBC}") = "TreeEdit", "TreeEdit\TreeEdit.csproj", "{4BF08076-5BA3-45B8-8DA9-BED3C4BCA9F7}"
EndProject
Project("{FAE04EC0-301F-11D3-BF4B-00C04F79EFBC}") = "LongestCommonSubsequence", "LongestCommonAncestor\LongestCommonSubsequence.csproj", "{B66821A8-75DB-4165-83B7-91A8B5DF8EB0}"
EndProject
Project("{FAE04EC0-301F-11D3-BF4B-00C04F79EFBC}") = "TreeElement", "TreeElement\TreeElement.csproj", "{FE305989-4148-4861-A351-D9DE83F5428B}"
EndProject
Project("{FAE04EC0-301F-11D3-BF4B-00C04F79EFBC}") = "UnitTests", "UnitTests\UnitTests.csproj", "{5740E984-648D-4B84-9704-D0D8416CE26D}"
EndProject
Global
	GlobalSection(SolutionConfigurationPlatforms) = preSolution
		Debug|Any CPU = Debug|Any CPU
		Debug|ARM = Debug|ARM
		Debug|x64 = Debug|x64
		Debug|x86 = Debug|x86
		Release|Any CPU = Release|Any CPU
		Release|ARM = Release|ARM
		Release|x64 = Release|x64
		Release|x86 = Release|x86
	EndGlobalSection
	GlobalSection(ProjectConfigurationPlatforms) = postSolution
		{C7FC4D3C-3CAE-42B9-AFF9-83CB07A7872F}.Debug|Any CPU.ActiveCfg = Debug|Any CPU
		{C7FC4D3C-3CAE-42B9-AFF9-83CB07A7872F}.Debug|Any CPU.Build.0 = Debug|Any CPU
		{C7FC4D3C-3CAE-42B9-AFF9-83CB07A7872F}.Debug|ARM.ActiveCfg = Debug|Any CPU
		{C7FC4D3C-3CAE-42B9-AFF9-83CB07A7872F}.Debug|ARM.Build.0 = Debug|Any CPU
		{C7FC4D3C-3CAE-42B9-AFF9-83CB07A7872F}.Debug|x64.ActiveCfg = Debug|Any CPU
		{C7FC4D3C-3CAE-42B9-AFF9-83CB07A7872F}.Debug|x64.Build.0 = Debug|Any CPU
		{C7FC4D3C-3CAE-42B9-AFF9-83CB07A7872F}.Debug|x86.ActiveCfg = Debug|Any CPU
		{C7FC4D3C-3CAE-42B9-AFF9-83CB07A7872F}.Debug|x86.Build.0 = Debug|Any CPU
		{C7FC4D3C-3CAE-42B9-AFF9-83CB07A7872F}.Release|Any CPU.ActiveCfg = Release|Any CPU
		{C7FC4D3C-3CAE-42B9-AFF9-83CB07A7872F}.Release|Any CPU.Build.0 = Release|Any CPU
		{C7FC4D3C-3CAE-42B9-AFF9-83CB07A7872F}.Release|ARM.ActiveCfg = Release|Any CPU
		{C7FC4D3C-3CAE-42B9-AFF9-83CB07A7872F}.Release|ARM.Build.0 = Release|Any CPU
		{C7FC4D3C-3CAE-42B9-AFF9-83CB07A7872F}.Release|x64.ActiveCfg = Release|Any CPU
		{C7FC4D3C-3CAE-42B9-AFF9-83CB07A7872F}.Release|x64.Build.0 = Release|Any CPU
		{C7FC4D3C-3CAE-42B9-AFF9-83CB07A7872F}.Release|x86.ActiveCfg = Release|Any CPU
		{C7FC4D3C-3CAE-42B9-AFF9-83CB07A7872F}.Release|x86.Build.0 = Release|Any CPU
		{41E9A9B1-B013-4A87-9759-E3004FEF8A81}.Debug|Any CPU.ActiveCfg = Debug|Any CPU
		{41E9A9B1-B013-4A87-9759-E3004FEF8A81}.Debug|Any CPU.Build.0 = Debug|Any CPU
		{41E9A9B1-B013-4A87-9759-E3004FEF8A81}.Debug|ARM.ActiveCfg = Debug|Any CPU
		{41E9A9B1-B013-4A87-9759-E3004FEF8A81}.Debug|ARM.Build.0 = Debug|Any CPU
		{41E9A9B1-B013-4A87-9759-E3004FEF8A81}.Debug|x64.ActiveCfg = Debug|Any CPU
		{41E9A9B1-B013-4A87-9759-E3004FEF8A81}.Debug|x64.Build.0 = Debug|Any CPU
		{41E9A9B1-B013-4A87-9759-E3004FEF8A81}.Debug|x86.ActiveCfg = Debug|Any CPU
		{41E9A9B1-B013-4A87-9759-E3004FEF8A81}.Debug|x86.Build.0 = Debug|Any CPU
		{41E9A9B1-B013-4A87-9759-E3004FEF8A81}.Release|Any CPU.ActiveCfg = Release|Any CPU
		{41E9A9B1-B013-4A87-9759-E3004FEF8A81}.Release|Any CPU.Build.0 = Release|Any CPU
		{41E9A9B1-B013-4A87-9759-E3004FEF8A81}.Release|ARM.ActiveCfg = Release|Any CPU
		{41E9A9B1-B013-4A87-9759-E3004FEF8A81}.Release|ARM.Build.0 = Release|Any CPU
		{41E9A9B1-B013-4A87-9759-E3004FEF8A81}.Release|x64.ActiveCfg = Release|Any CPU
		{41E9A9B1-B013-4A87-9759-E3004FEF8A81}.Release|x64.Build.0 = Release|Any CPU
		{41E9A9B1-B013-4A87-9759-E3004FEF8A81}.Release|x86.ActiveCfg = Release|Any CPU
		{41E9A9B1-B013-4A87-9759-E3004FEF8A81}.Release|x86.Build.0 = Release|Any CPU
		{5AA217F9-DEAB-46BE-81BE-AFD00948AC50}.Debug|Any CPU.ActiveCfg = Debug|Any CPU
		{5AA217F9-DEAB-46BE-81BE-AFD00948AC50}.Debug|Any CPU.Build.0 = Debug|Any CPU
		{5AA217F9-DEAB-46BE-81BE-AFD00948AC50}.Debug|ARM.ActiveCfg = Debug|Any CPU
		{5AA217F9-DEAB-46BE-81BE-AFD00948AC50}.Debug|ARM.Build.0 = Debug|Any CPU
		{5AA217F9-DEAB-46BE-81BE-AFD00948AC50}.Debug|x64.ActiveCfg = Debug|Any CPU
		{5AA217F9-DEAB-46BE-81BE-AFD00948AC50}.Debug|x64.Build.0 = Debug|Any CPU
		{5AA217F9-DEAB-46BE-81BE-AFD00948AC50}.Debug|x86.ActiveCfg = Debug|Any CPU
		{5AA217F9-DEAB-46BE-81BE-AFD00948AC50}.Debug|x86.Build.0 = Debug|Any CPU
		{5AA217F9-DEAB-46BE-81BE-AFD00948AC50}.Release|Any CPU.ActiveCfg = Release|Any CPU
		{5AA217F9-DEAB-46BE-81BE-AFD00948AC50}.Release|Any CPU.Build.0 = Release|Any CPU
		{5AA217F9-DEAB-46BE-81BE-AFD00948AC50}.Release|ARM.ActiveCfg = Release|Any CPU
		{5AA217F9-DEAB-46BE-81BE-AFD00948AC50}.Release|ARM.Build.0 = Release|Any CPU
		{5AA217F9-DEAB-46BE-81BE-AFD00948AC50}.Release|x64.ActiveCfg = Release|Any CPU
		{5AA217F9-DEAB-46BE-81BE-AFD00948AC50}.Release|x64.Build.0 = Release|Any CPU
		{5AA217F9-DEAB-46BE-81BE-AFD00948AC50}.Release|x86.ActiveCfg = Release|Any CPU
		{5AA217F9-DEAB-46BE-81BE-AFD00948AC50}.Release|x86.Build.0 = Release|Any CPU
		{4BF08076-5BA3-45B8-8DA9-BED3C4BCA9F7}.Debug|Any CPU.ActiveCfg = Debug|Any CPU
		{4BF08076-5BA3-45B8-8DA9-BED3C4BCA9F7}.Debug|Any CPU.Build.0 = Debug|Any CPU
		{4BF08076-5BA3-45B8-8DA9-BED3C4BCA9F7}.Debug|ARM.ActiveCfg = Debug|Any CPU
		{4BF08076-5BA3-45B8-8DA9-BED3C4BCA9F7}.Debug|ARM.Build.0 = Debug|Any CPU
		{4BF08076-5BA3-45B8-8DA9-BED3C4BCA9F7}.Debug|x64.ActiveCfg = Debug|Any CPU
		{4BF08076-5BA3-45B8-8DA9-BED3C4BCA9F7}.Debug|x64.Build.0 = Debug|Any CPU
		{4BF08076-5BA3-45B8-8DA9-BED3C4BCA9F7}.Debug|x86.ActiveCfg = Debug|Any CPU
		{4BF08076-5BA3-45B8-8DA9-BED3C4BCA9F7}.Debug|x86.Build.0 = Debug|Any CPU
		{4BF08076-5BA3-45B8-8DA9-BED3C4BCA9F7}.Release|Any CPU.ActiveCfg = Release|Any CPU
		{4BF08076-5BA3-45B8-8DA9-BED3C4BCA9F7}.Release|Any CPU.Build.0 = Release|Any CPU
		{4BF08076-5BA3-45B8-8DA9-BED3C4BCA9F7}.Release|ARM.ActiveCfg = Release|Any CPU
		{4BF08076-5BA3-45B8-8DA9-BED3C4BCA9F7}.Release|ARM.Build.0 = Release|Any CPU
		{4BF08076-5BA3-45B8-8DA9-BED3C4BCA9F7}.Release|x64.ActiveCfg = Release|Any CPU
		{4BF08076-5BA3-45B8-8DA9-BED3C4BCA9F7}.Release|x64.Build.0 = Release|Any CPU
		{4BF08076-5BA3-45B8-8DA9-BED3C4BCA9F7}.Release|x86.ActiveCfg = Release|Any CPU
		{4BF08076-5BA3-45B8-8DA9-BED3C4BCA9F7}.Release|x86.Build.0 = Release|Any CPU
		{B66821A8-75DB-4165-83B7-91A8B5DF8EB0}.Debug|Any CPU.ActiveCfg = Debug|Any CPU
		{B66821A8-75DB-4165-83B7-91A8B5DF8EB0}.Debug|Any CPU.Build.0 = Debug|Any CPU
		{B66821A8-75DB-4165-83B7-91A8B5DF8EB0}.Debug|ARM.ActiveCfg = Debug|Any CPU
		{B66821A8-75DB-4165-83B7-91A8B5DF8EB0}.Debug|ARM.Build.0 = Debug|Any CPU
		{B66821A8-75DB-4165-83B7-91A8B5DF8EB0}.Debug|x64.ActiveCfg = Debug|Any CPU
		{B66821A8-75DB-4165-83B7-91A8B5DF8EB0}.Debug|x64.Build.0 = Debug|Any CPU
		{B66821A8-75DB-4165-83B7-91A8B5DF8EB0}.Debug|x86.ActiveCfg = Debug|Any CPU
		{B66821A8-75DB-4165-83B7-91A8B5DF8EB0}.Debug|x86.Build.0 = Debug|Any CPU
		{B66821A8-75DB-4165-83B7-91A8B5DF8EB0}.Release|Any CPU.ActiveCfg = Release|Any CPU
		{B66821A8-75DB-4165-83B7-91A8B5DF8EB0}.Release|Any CPU.Build.0 = Release|Any CPU
		{B66821A8-75DB-4165-83B7-91A8B5DF8EB0}.Release|ARM.ActiveCfg = Release|Any CPU
		{B66821A8-75DB-4165-83B7-91A8B5DF8EB0}.Release|ARM.Build.0 = Release|Any CPU
		{B66821A8-75DB-4165-83B7-91A8B5DF8EB0}.Release|x64.ActiveCfg = Release|Any CPU
		{B66821A8-75DB-4165-83B7-91A8B5DF8EB0}.Release|x64.Build.0 = Release|Any CPU
		{B66821A8-75DB-4165-83B7-91A8B5DF8EB0}.Release|x86.ActiveCfg = Release|Any CPU
		{B66821A8-75DB-4165-83B7-91A8B5DF8EB0}.Release|x86.Build.0 = Release|Any CPU
		{FE305989-4148-4861-A351-D9DE83F5428B}.Debug|Any CPU.ActiveCfg = Debug|Any CPU
		{FE305989-4148-4861-A351-D9DE83F5428B}.Debug|Any CPU.Build.0 = Debug|Any CPU
		{FE305989-4148-4861-A351-D9DE83F5428B}.Debug|ARM.ActiveCfg = Debug|Any CPU
		{FE305989-4148-4861-A351-D9DE83F5428B}.Debug|ARM.Build.0 = Debug|Any CPU
		{FE305989-4148-4861-A351-D9DE83F5428B}.Debug|x64.ActiveCfg = Debug|Any CPU
		{FE305989-4148-4861-A351-D9DE83F5428B}.Debug|x64.Build.0 = Debug|Any CPU
		{FE305989-4148-4861-A351-D9DE83F5428B}.Debug|x86.ActiveCfg = Debug|Any CPU
		{FE305989-4148-4861-A351-D9DE83F5428B}.Debug|x86.Build.0 = Debug|Any CPU
		{FE305989-4148-4861-A351-D9DE83F5428B}.Release|Any CPU.ActiveCfg = Release|Any CPU
		{FE305989-4148-4861-A351-D9DE83F5428B}.Release|Any CPU.Build.0 = Release|Any CPU
		{FE305989-4148-4861-A351-D9DE83F5428B}.Release|ARM.ActiveCfg = Release|Any CPU
		{FE305989-4148-4861-A351-D9DE83F5428B}.Release|ARM.Build.0 = Release|Any CPU
		{FE305989-4148-4861-A351-D9DE83F5428B}.Release|x64.ActiveCfg = Release|Any CPU
		{FE305989-4148-4861-A351-D9DE83F5428B}.Release|x64.Build.0 = Release|Any CPU
		{FE305989-4148-4861-A351-D9DE83F5428B}.Release|x86.ActiveCfg = Release|Any CPU
		{FE305989-4148-4861-A351-D9DE83F5428B}.Release|x86.Build.0 = Release|Any CPU
		{5740E984-648D-4B84-9704-D0D8416CE26D}.Debug|Any CPU.ActiveCfg = Debug|Any CPU
		{5740E984-648D-4B84-9704-D0D8416CE26D}.Debug|Any CPU.Build.0 = Debug|Any CPU
		{5740E984-648D-4B84-9704-D0D8416CE26D}.Debug|ARM.ActiveCfg = Debug|Any CPU
		{5740E984-648D-4B84-9704-D0D8416CE26D}.Debug|ARM.Build.0 = Debug|Any CPU
		{5740E984-648D-4B84-9704-D0D8416CE26D}.Debug|x64.ActiveCfg = Debug|Any CPU
		{5740E984-648D-4B84-9704-D0D8416CE26D}.Debug|x64.Build.0 = Debug|Any CPU
		{5740E984-648D-4B84-9704-D0D8416CE26D}.Debug|x86.ActiveCfg = Debug|Any CPU
		{5740E984-648D-4B84-9704-D0D8416CE26D}.Debug|x86.Build.0 = Debug|Any CPU
		{5740E984-648D-4B84-9704-D0D8416CE26D}.Release|Any CPU.ActiveCfg = Release|Any CPU
		{5740E984-648D-4B84-9704-D0D8416CE26D}.Release|Any CPU.Build.0 = Release|Any CPU
		{5740E984-648D-4B84-9704-D0D8416CE26D}.Release|ARM.ActiveCfg = Release|Any CPU
		{5740E984-648D-4B84-9704-D0D8416CE26D}.Release|ARM.Build.0 = Release|Any CPU
		{5740E984-648D-4B84-9704-D0D8416CE26D}.Release|x64.ActiveCfg = Release|Any CPU
		{5740E984-648D-4B84-9704-D0D8416CE26D}.Release|x64.Build.0 = Release|Any CPU
		{5740E984-648D-4B84-9704-D0D8416CE26D}.Release|x86.ActiveCfg = Release|Any CPU
		{5740E984-648D-4B84-9704-D0D8416CE26D}.Release|x86.Build.0 = Release|Any CPU
	EndGlobalSection
	GlobalSection(SolutionProperties) = preSolution
		HideSolutionNode = FALSE
	EndGlobalSection
EndGlobal
