
Microsoft Visual Studio Solution File, Format Version 12.00
# Visual Studio 15
VisualStudioVersion = 15.0.26228.10
MinimumVisualStudioVersion = 10.0.40219.1
Project("{2150E333-8FDC-42A3-9474-1A3956D46DE8}") = "Solution Items", "Solution Items", "{82715A84-FFDA-4E90-A8F0-0CC052A19D90}"
	ProjectSection(SolutionItems) = preProject
		ProgramSynthesis\grammar\Transformation.grammar = ProgramSynthesis\grammar\Transformation.grammar
	EndProjectSection
EndProject
Project("{2150E333-8FDC-42A3-9474-1A3956D46DE8}") = "UI", "UI", "{CEFC154A-0D54-49C7-86BE-A79C8B1C6EE7}"
EndProject
Project("{2150E333-8FDC-42A3-9474-1A3956D46DE8}") = "Controller", "Controller", "{13457D22-0C4B-4C62-959C-4723480F5114}"
EndProject
Project("{FAE04EC0-301F-11D3-BF4B-00C04F79EFBC}") = "TreeEdit", "TreeEdit\TreeEdit.csproj", "{4BF08076-5BA3-45B8-8DA9-BED3C4BCA9F7}"
EndProject
Project("{FAE04EC0-301F-11D3-BF4B-00C04F79EFBC}") = "LongestCommonSubsequence", "LongestCommonAncestor\LongestCommonSubsequence.csproj", "{B66821A8-75DB-4165-83B7-91A8B5DF8EB0}"
EndProject
Project("{FAE04EC0-301F-11D3-BF4B-00C04F79EFBC}") = "TreeElement", "TreeElement\TreeElement.csproj", "{FE305989-4148-4861-A351-D9DE83F5428B}"
EndProject
Project("{FAE04EC0-301F-11D3-BF4B-00C04F79EFBC}") = "LCA", "LCA\LCA.csproj", "{F256F0B4-F9B1-49CE-86C2-F70096E96F88}"
EndProject
Project("{FAE04EC0-301F-11D3-BF4B-00C04F79EFBC}") = "Controller", "Controller\Controller.csproj", "{D2C1E970-DC22-4E82-BAE7-60842E102C46}"
EndProject
Project("{FAE04EC0-301F-11D3-BF4B-00C04F79EFBC}") = "RefazerManager", "ProgramSynthesis\RefazerManager\RefazerManager.csproj", "{D9640D0E-12D7-45FE-B404-5D41BBA5F167}"
EndProject
Project("{FAE04EC0-301F-11D3-BF4B-00C04F79EFBC}") = "RefazerFunctions", "RefazerFunctions\RefazerFunctions.csproj", "{07C1A3BF-5392-4686-923E-AD52280EFECD}"
EndProject
Project("{FAE04EC0-301F-11D3-BF4B-00C04F79EFBC}") = "WorkSpaces", "WorkSpaces\WorkSpaces.csproj", "{64F1217C-F112-40D6-9BA9-D8D7856CF9B0}"
EndProject
Project("{FAE04EC0-301F-11D3-BF4B-00C04F79EFBC}") = "RefazerUI", "RefazerUI\RefazerUI.csproj", "{B3C57760-FFC1-4A8D-8142-EE60CEE52E3F}"
EndProject
Project("{FAE04EC0-301F-11D3-BF4B-00C04F79EFBC}") = "RefazerUnitTests", "ProgramSynthesis\RefazerUnitTests\RefazerUnitTests.csproj", "{9A1A1CFA-585B-45B3-8CC6-258AFFA3F1CC}"
EndProject
Project("{FAE04EC0-301F-11D3-BF4B-00C04F79EFBC}") = "RefazerObject", "RefazerObject\RefazerObject.csproj", "{E7839DDD-ABA8-4968-84AF-2D9324DD61B0}"
EndProject
Project("{FAE04EC0-301F-11D3-BF4B-00C04F79EFBC}") = "ANTLRHandler", "ANTLRHandler\ANTLRHandler.csproj", "{BF059C89-008E-49FC-A97C-53FFCAC422D5}"
EndProject
Global
	GlobalSection(SolutionConfigurationPlatforms) = preSolution
		Debug|Any CPU = Debug|Any CPU
		Debug|ARM = Debug|ARM
		Debug|x64 = Debug|x64
		Debug|x86 = Debug|x86
		Release|Any CPU = Release|Any CPU
		Release|ARM = Release|ARM
		Release|x64 = Release|x64
		Release|x86 = Release|x86
	EndGlobalSection
	GlobalSection(ProjectConfigurationPlatforms) = postSolution
		{4BF08076-5BA3-45B8-8DA9-BED3C4BCA9F7}.Debug|Any CPU.ActiveCfg = Debug|Any CPU
		{4BF08076-5BA3-45B8-8DA9-BED3C4BCA9F7}.Debug|Any CPU.Build.0 = Debug|Any CPU
		{4BF08076-5BA3-45B8-8DA9-BED3C4BCA9F7}.Debug|ARM.ActiveCfg = Debug|Any CPU
		{4BF08076-5BA3-45B8-8DA9-BED3C4BCA9F7}.Debug|ARM.Build.0 = Debug|Any CPU
		{4BF08076-5BA3-45B8-8DA9-BED3C4BCA9F7}.Debug|x64.ActiveCfg = Debug|Any CPU
		{4BF08076-5BA3-45B8-8DA9-BED3C4BCA9F7}.Debug|x64.Build.0 = Debug|Any CPU
		{4BF08076-5BA3-45B8-8DA9-BED3C4BCA9F7}.Debug|x86.ActiveCfg = Debug|Any CPU
		{4BF08076-5BA3-45B8-8DA9-BED3C4BCA9F7}.Debug|x86.Build.0 = Debug|Any CPU
		{4BF08076-5BA3-45B8-8DA9-BED3C4BCA9F7}.Release|Any CPU.ActiveCfg = Release|Any CPU
		{4BF08076-5BA3-45B8-8DA9-BED3C4BCA9F7}.Release|Any CPU.Build.0 = Release|Any CPU
		{4BF08076-5BA3-45B8-8DA9-BED3C4BCA9F7}.Release|ARM.ActiveCfg = Release|Any CPU
		{4BF08076-5BA3-45B8-8DA9-BED3C4BCA9F7}.Release|ARM.Build.0 = Release|Any CPU
		{4BF08076-5BA3-45B8-8DA9-BED3C4BCA9F7}.Release|x64.ActiveCfg = Release|Any CPU
		{4BF08076-5BA3-45B8-8DA9-BED3C4BCA9F7}.Release|x64.Build.0 = Release|Any CPU
		{4BF08076-5BA3-45B8-8DA9-BED3C4BCA9F7}.Release|x86.ActiveCfg = Release|Any CPU
		{4BF08076-5BA3-45B8-8DA9-BED3C4BCA9F7}.Release|x86.Build.0 = Release|Any CPU
		{B66821A8-75DB-4165-83B7-91A8B5DF8EB0}.Debug|Any CPU.ActiveCfg = Debug|Any CPU
		{B66821A8-75DB-4165-83B7-91A8B5DF8EB0}.Debug|Any CPU.Build.0 = Debug|Any CPU
		{B66821A8-75DB-4165-83B7-91A8B5DF8EB0}.Debug|ARM.ActiveCfg = Debug|Any CPU
		{B66821A8-75DB-4165-83B7-91A8B5DF8EB0}.Debug|ARM.Build.0 = Debug|Any CPU
		{B66821A8-75DB-4165-83B7-91A8B5DF8EB0}.Debug|x64.ActiveCfg = Debug|Any CPU
		{B66821A8-75DB-4165-83B7-91A8B5DF8EB0}.Debug|x64.Build.0 = Debug|Any CPU
		{B66821A8-75DB-4165-83B7-91A8B5DF8EB0}.Debug|x86.ActiveCfg = Debug|Any CPU
		{B66821A8-75DB-4165-83B7-91A8B5DF8EB0}.Debug|x86.Build.0 = Debug|Any CPU
		{B66821A8-75DB-4165-83B7-91A8B5DF8EB0}.Release|Any CPU.ActiveCfg = Release|Any CPU
		{B66821A8-75DB-4165-83B7-91A8B5DF8EB0}.Release|Any CPU.Build.0 = Release|Any CPU
		{B66821A8-75DB-4165-83B7-91A8B5DF8EB0}.Release|ARM.ActiveCfg = Release|Any CPU
		{B66821A8-75DB-4165-83B7-91A8B5DF8EB0}.Release|ARM.Build.0 = Release|Any CPU
		{B66821A8-75DB-4165-83B7-91A8B5DF8EB0}.Release|x64.ActiveCfg = Release|Any CPU
		{B66821A8-75DB-4165-83B7-91A8B5DF8EB0}.Release|x64.Build.0 = Release|Any CPU
		{B66821A8-75DB-4165-83B7-91A8B5DF8EB0}.Release|x86.ActiveCfg = Release|Any CPU
		{B66821A8-75DB-4165-83B7-91A8B5DF8EB0}.Release|x86.Build.0 = Release|Any CPU
		{FE305989-4148-4861-A351-D9DE83F5428B}.Debug|Any CPU.ActiveCfg = Debug|Any CPU
		{FE305989-4148-4861-A351-D9DE83F5428B}.Debug|Any CPU.Build.0 = Debug|Any CPU
		{FE305989-4148-4861-A351-D9DE83F5428B}.Debug|ARM.ActiveCfg = Debug|Any CPU
		{FE305989-4148-4861-A351-D9DE83F5428B}.Debug|ARM.Build.0 = Debug|Any CPU
		{FE305989-4148-4861-A351-D9DE83F5428B}.Debug|x64.ActiveCfg = Debug|Any CPU
		{FE305989-4148-4861-A351-D9DE83F5428B}.Debug|x64.Build.0 = Debug|Any CPU
		{FE305989-4148-4861-A351-D9DE83F5428B}.Debug|x86.ActiveCfg = Debug|Any CPU
		{FE305989-4148-4861-A351-D9DE83F5428B}.Debug|x86.Build.0 = Debug|Any CPU
		{FE305989-4148-4861-A351-D9DE83F5428B}.Release|Any CPU.ActiveCfg = Release|Any CPU
		{FE305989-4148-4861-A351-D9DE83F5428B}.Release|Any CPU.Build.0 = Release|Any CPU
		{FE305989-4148-4861-A351-D9DE83F5428B}.Release|ARM.ActiveCfg = Release|Any CPU
		{FE305989-4148-4861-A351-D9DE83F5428B}.Release|ARM.Build.0 = Release|Any CPU
		{FE305989-4148-4861-A351-D9DE83F5428B}.Release|x64.ActiveCfg = Release|Any CPU
		{FE305989-4148-4861-A351-D9DE83F5428B}.Release|x64.Build.0 = Release|Any CPU
		{FE305989-4148-4861-A351-D9DE83F5428B}.Release|x86.ActiveCfg = Release|Any CPU
		{FE305989-4148-4861-A351-D9DE83F5428B}.Release|x86.Build.0 = Release|Any CPU
		{F256F0B4-F9B1-49CE-86C2-F70096E96F88}.Debug|Any CPU.ActiveCfg = Debug|Any CPU
		{F256F0B4-F9B1-49CE-86C2-F70096E96F88}.Debug|Any CPU.Build.0 = Debug|Any CPU
		{F256F0B4-F9B1-49CE-86C2-F70096E96F88}.Debug|ARM.ActiveCfg = Debug|Any CPU
		{F256F0B4-F9B1-49CE-86C2-F70096E96F88}.Debug|ARM.Build.0 = Debug|Any CPU
		{F256F0B4-F9B1-49CE-86C2-F70096E96F88}.Debug|x64.ActiveCfg = Debug|Any CPU
		{F256F0B4-F9B1-49CE-86C2-F70096E96F88}.Debug|x64.Build.0 = Debug|Any CPU
		{F256F0B4-F9B1-49CE-86C2-F70096E96F88}.Debug|x86.ActiveCfg = Debug|Any CPU
		{F256F0B4-F9B1-49CE-86C2-F70096E96F88}.Debug|x86.Build.0 = Debug|Any CPU
		{F256F0B4-F9B1-49CE-86C2-F70096E96F88}.Release|Any CPU.ActiveCfg = Release|Any CPU
		{F256F0B4-F9B1-49CE-86C2-F70096E96F88}.Release|Any CPU.Build.0 = Release|Any CPU
		{F256F0B4-F9B1-49CE-86C2-F70096E96F88}.Release|ARM.ActiveCfg = Release|Any CPU
		{F256F0B4-F9B1-49CE-86C2-F70096E96F88}.Release|ARM.Build.0 = Release|Any CPU
		{F256F0B4-F9B1-49CE-86C2-F70096E96F88}.Release|x64.ActiveCfg = Release|Any CPU
		{F256F0B4-F9B1-49CE-86C2-F70096E96F88}.Release|x64.Build.0 = Release|Any CPU
		{F256F0B4-F9B1-49CE-86C2-F70096E96F88}.Release|x86.ActiveCfg = Release|Any CPU
		{F256F0B4-F9B1-49CE-86C2-F70096E96F88}.Release|x86.Build.0 = Release|Any CPU
		{D2C1E970-DC22-4E82-BAE7-60842E102C46}.Debug|Any CPU.ActiveCfg = Debug|Any CPU
		{D2C1E970-DC22-4E82-BAE7-60842E102C46}.Debug|Any CPU.Build.0 = Debug|Any CPU
		{D2C1E970-DC22-4E82-BAE7-60842E102C46}.Debug|ARM.ActiveCfg = Debug|Any CPU
		{D2C1E970-DC22-4E82-BAE7-60842E102C46}.Debug|ARM.Build.0 = Debug|Any CPU
		{D2C1E970-DC22-4E82-BAE7-60842E102C46}.Debug|x64.ActiveCfg = Debug|Any CPU
		{D2C1E970-DC22-4E82-BAE7-60842E102C46}.Debug|x64.Build.0 = Debug|Any CPU
		{D2C1E970-DC22-4E82-BAE7-60842E102C46}.Debug|x86.ActiveCfg = Debug|Any CPU
		{D2C1E970-DC22-4E82-BAE7-60842E102C46}.Debug|x86.Build.0 = Debug|Any CPU
		{D2C1E970-DC22-4E82-BAE7-60842E102C46}.Release|Any CPU.ActiveCfg = Release|Any CPU
		{D2C1E970-DC22-4E82-BAE7-60842E102C46}.Release|Any CPU.Build.0 = Release|Any CPU
		{D2C1E970-DC22-4E82-BAE7-60842E102C46}.Release|ARM.ActiveCfg = Release|Any CPU
		{D2C1E970-DC22-4E82-BAE7-60842E102C46}.Release|ARM.Build.0 = Release|Any CPU
		{D2C1E970-DC22-4E82-BAE7-60842E102C46}.Release|x64.ActiveCfg = Release|Any CPU
		{D2C1E970-DC22-4E82-BAE7-60842E102C46}.Release|x64.Build.0 = Release|Any CPU
		{D2C1E970-DC22-4E82-BAE7-60842E102C46}.Release|x86.ActiveCfg = Release|Any CPU
		{D2C1E970-DC22-4E82-BAE7-60842E102C46}.Release|x86.Build.0 = Release|Any CPU
		{D9640D0E-12D7-45FE-B404-5D41BBA5F167}.Debug|Any CPU.ActiveCfg = Debug|Any CPU
		{D9640D0E-12D7-45FE-B404-5D41BBA5F167}.Debug|Any CPU.Build.0 = Debug|Any CPU
		{D9640D0E-12D7-45FE-B404-5D41BBA5F167}.Debug|ARM.ActiveCfg = Debug|Any CPU
		{D9640D0E-12D7-45FE-B404-5D41BBA5F167}.Debug|ARM.Build.0 = Debug|Any CPU
		{D9640D0E-12D7-45FE-B404-5D41BBA5F167}.Debug|x64.ActiveCfg = Debug|Any CPU
		{D9640D0E-12D7-45FE-B404-5D41BBA5F167}.Debug|x64.Build.0 = Debug|Any CPU
		{D9640D0E-12D7-45FE-B404-5D41BBA5F167}.Debug|x86.ActiveCfg = Debug|Any CPU
		{D9640D0E-12D7-45FE-B404-5D41BBA5F167}.Debug|x86.Build.0 = Debug|Any CPU
		{D9640D0E-12D7-45FE-B404-5D41BBA5F167}.Release|Any CPU.ActiveCfg = Release|Any CPU
		{D9640D0E-12D7-45FE-B404-5D41BBA5F167}.Release|Any CPU.Build.0 = Release|Any CPU
		{D9640D0E-12D7-45FE-B404-5D41BBA5F167}.Release|ARM.ActiveCfg = Release|Any CPU
		{D9640D0E-12D7-45FE-B404-5D41BBA5F167}.Release|ARM.Build.0 = Release|Any CPU
		{D9640D0E-12D7-45FE-B404-5D41BBA5F167}.Release|x64.ActiveCfg = Release|Any CPU
		{D9640D0E-12D7-45FE-B404-5D41BBA5F167}.Release|x64.Build.0 = Release|Any CPU
		{D9640D0E-12D7-45FE-B404-5D41BBA5F167}.Release|x86.ActiveCfg = Release|Any CPU
		{D9640D0E-12D7-45FE-B404-5D41BBA5F167}.Release|x86.Build.0 = Release|Any CPU
		{07C1A3BF-5392-4686-923E-AD52280EFECD}.Debug|Any CPU.ActiveCfg = Debug|Any CPU
		{07C1A3BF-5392-4686-923E-AD52280EFECD}.Debug|Any CPU.Build.0 = Debug|Any CPU
		{07C1A3BF-5392-4686-923E-AD52280EFECD}.Debug|ARM.ActiveCfg = Debug|Any CPU
		{07C1A3BF-5392-4686-923E-AD52280EFECD}.Debug|ARM.Build.0 = Debug|Any CPU
		{07C1A3BF-5392-4686-923E-AD52280EFECD}.Debug|x64.ActiveCfg = Debug|Any CPU
		{07C1A3BF-5392-4686-923E-AD52280EFECD}.Debug|x64.Build.0 = Debug|Any CPU
		{07C1A3BF-5392-4686-923E-AD52280EFECD}.Debug|x86.ActiveCfg = Debug|Any CPU
		{07C1A3BF-5392-4686-923E-AD52280EFECD}.Debug|x86.Build.0 = Debug|Any CPU
		{07C1A3BF-5392-4686-923E-AD52280EFECD}.Release|Any CPU.ActiveCfg = Release|Any CPU
		{07C1A3BF-5392-4686-923E-AD52280EFECD}.Release|Any CPU.Build.0 = Release|Any CPU
		{07C1A3BF-5392-4686-923E-AD52280EFECD}.Release|ARM.ActiveCfg = Release|Any CPU
		{07C1A3BF-5392-4686-923E-AD52280EFECD}.Release|ARM.Build.0 = Release|Any CPU
		{07C1A3BF-5392-4686-923E-AD52280EFECD}.Release|x64.ActiveCfg = Release|Any CPU
		{07C1A3BF-5392-4686-923E-AD52280EFECD}.Release|x64.Build.0 = Release|Any CPU
		{07C1A3BF-5392-4686-923E-AD52280EFECD}.Release|x86.ActiveCfg = Release|Any CPU
		{07C1A3BF-5392-4686-923E-AD52280EFECD}.Release|x86.Build.0 = Release|Any CPU
		{64F1217C-F112-40D6-9BA9-D8D7856CF9B0}.Debug|Any CPU.ActiveCfg = Debug|Any CPU
		{64F1217C-F112-40D6-9BA9-D8D7856CF9B0}.Debug|Any CPU.Build.0 = Debug|Any CPU
		{64F1217C-F112-40D6-9BA9-D8D7856CF9B0}.Debug|ARM.ActiveCfg = Debug|Any CPU
		{64F1217C-F112-40D6-9BA9-D8D7856CF9B0}.Debug|ARM.Build.0 = Debug|Any CPU
		{64F1217C-F112-40D6-9BA9-D8D7856CF9B0}.Debug|x64.ActiveCfg = Debug|Any CPU
		{64F1217C-F112-40D6-9BA9-D8D7856CF9B0}.Debug|x64.Build.0 = Debug|Any CPU
		{64F1217C-F112-40D6-9BA9-D8D7856CF9B0}.Debug|x86.ActiveCfg = Debug|Any CPU
		{64F1217C-F112-40D6-9BA9-D8D7856CF9B0}.Debug|x86.Build.0 = Debug|Any CPU
		{64F1217C-F112-40D6-9BA9-D8D7856CF9B0}.Release|Any CPU.ActiveCfg = Release|Any CPU
		{64F1217C-F112-40D6-9BA9-D8D7856CF9B0}.Release|Any CPU.Build.0 = Release|Any CPU
		{64F1217C-F112-40D6-9BA9-D8D7856CF9B0}.Release|ARM.ActiveCfg = Release|Any CPU
		{64F1217C-F112-40D6-9BA9-D8D7856CF9B0}.Release|ARM.Build.0 = Release|Any CPU
		{64F1217C-F112-40D6-9BA9-D8D7856CF9B0}.Release|x64.ActiveCfg = Release|Any CPU
		{64F1217C-F112-40D6-9BA9-D8D7856CF9B0}.Release|x64.Build.0 = Release|Any CPU
		{64F1217C-F112-40D6-9BA9-D8D7856CF9B0}.Release|x86.ActiveCfg = Release|Any CPU
		{64F1217C-F112-40D6-9BA9-D8D7856CF9B0}.Release|x86.Build.0 = Release|Any CPU
		{B3C57760-FFC1-4A8D-8142-EE60CEE52E3F}.Debug|Any CPU.ActiveCfg = Debug|Any CPU
		{B3C57760-FFC1-4A8D-8142-EE60CEE52E3F}.Debug|Any CPU.Build.0 = Debug|Any CPU
		{B3C57760-FFC1-4A8D-8142-EE60CEE52E3F}.Debug|ARM.ActiveCfg = Debug|Any CPU
		{B3C57760-FFC1-4A8D-8142-EE60CEE52E3F}.Debug|ARM.Build.0 = Debug|Any CPU
		{B3C57760-FFC1-4A8D-8142-EE60CEE52E3F}.Debug|x64.ActiveCfg = Debug|Any CPU
		{B3C57760-FFC1-4A8D-8142-EE60CEE52E3F}.Debug|x64.Build.0 = Debug|Any CPU
		{B3C57760-FFC1-4A8D-8142-EE60CEE52E3F}.Debug|x86.ActiveCfg = Debug|Any CPU
		{B3C57760-FFC1-4A8D-8142-EE60CEE52E3F}.Debug|x86.Build.0 = Debug|Any CPU
		{B3C57760-FFC1-4A8D-8142-EE60CEE52E3F}.Release|Any CPU.ActiveCfg = Release|Any CPU
		{B3C57760-FFC1-4A8D-8142-EE60CEE52E3F}.Release|Any CPU.Build.0 = Release|Any CPU
		{B3C57760-FFC1-4A8D-8142-EE60CEE52E3F}.Release|ARM.ActiveCfg = Release|Any CPU
		{B3C57760-FFC1-4A8D-8142-EE60CEE52E3F}.Release|ARM.Build.0 = Release|Any CPU
		{B3C57760-FFC1-4A8D-8142-EE60CEE52E3F}.Release|x64.ActiveCfg = Release|Any CPU
		{B3C57760-FFC1-4A8D-8142-EE60CEE52E3F}.Release|x64.Build.0 = Release|Any CPU
		{B3C57760-FFC1-4A8D-8142-EE60CEE52E3F}.Release|x86.ActiveCfg = Release|Any CPU
		{B3C57760-FFC1-4A8D-8142-EE60CEE52E3F}.Release|x86.Build.0 = Release|Any CPU
		{9A1A1CFA-585B-45B3-8CC6-258AFFA3F1CC}.Debug|Any CPU.ActiveCfg = Debug|Any CPU
		{9A1A1CFA-585B-45B3-8CC6-258AFFA3F1CC}.Debug|Any CPU.Build.0 = Debug|Any CPU
		{9A1A1CFA-585B-45B3-8CC6-258AFFA3F1CC}.Debug|ARM.ActiveCfg = Debug|Any CPU
		{9A1A1CFA-585B-45B3-8CC6-258AFFA3F1CC}.Debug|ARM.Build.0 = Debug|Any CPU
		{9A1A1CFA-585B-45B3-8CC6-258AFFA3F1CC}.Debug|x64.ActiveCfg = Debug|Any CPU
		{9A1A1CFA-585B-45B3-8CC6-258AFFA3F1CC}.Debug|x64.Build.0 = Debug|Any CPU
		{9A1A1CFA-585B-45B3-8CC6-258AFFA3F1CC}.Debug|x86.ActiveCfg = Debug|Any CPU
		{9A1A1CFA-585B-45B3-8CC6-258AFFA3F1CC}.Debug|x86.Build.0 = Debug|Any CPU
		{9A1A1CFA-585B-45B3-8CC6-258AFFA3F1CC}.Release|Any CPU.ActiveCfg = Release|Any CPU
		{9A1A1CFA-585B-45B3-8CC6-258AFFA3F1CC}.Release|Any CPU.Build.0 = Release|Any CPU
		{9A1A1CFA-585B-45B3-8CC6-258AFFA3F1CC}.Release|ARM.ActiveCfg = Release|Any CPU
		{9A1A1CFA-585B-45B3-8CC6-258AFFA3F1CC}.Release|ARM.Build.0 = Release|Any CPU
		{9A1A1CFA-585B-45B3-8CC6-258AFFA3F1CC}.Release|x64.ActiveCfg = Release|Any CPU
		{9A1A1CFA-585B-45B3-8CC6-258AFFA3F1CC}.Release|x64.Build.0 = Release|Any CPU
		{9A1A1CFA-585B-45B3-8CC6-258AFFA3F1CC}.Release|x86.ActiveCfg = Release|Any CPU
		{9A1A1CFA-585B-45B3-8CC6-258AFFA3F1CC}.Release|x86.Build.0 = Release|Any CPU
		{E7839DDD-ABA8-4968-84AF-2D9324DD61B0}.Debug|Any CPU.ActiveCfg = Debug|Any CPU
		{E7839DDD-ABA8-4968-84AF-2D9324DD61B0}.Debug|Any CPU.Build.0 = Debug|Any CPU
		{E7839DDD-ABA8-4968-84AF-2D9324DD61B0}.Debug|ARM.ActiveCfg = Debug|Any CPU
		{E7839DDD-ABA8-4968-84AF-2D9324DD61B0}.Debug|ARM.Build.0 = Debug|Any CPU
		{E7839DDD-ABA8-4968-84AF-2D9324DD61B0}.Debug|x64.ActiveCfg = Debug|Any CPU
		{E7839DDD-ABA8-4968-84AF-2D9324DD61B0}.Debug|x64.Build.0 = Debug|Any CPU
		{E7839DDD-ABA8-4968-84AF-2D9324DD61B0}.Debug|x86.ActiveCfg = Debug|Any CPU
		{E7839DDD-ABA8-4968-84AF-2D9324DD61B0}.Debug|x86.Build.0 = Debug|Any CPU
		{E7839DDD-ABA8-4968-84AF-2D9324DD61B0}.Release|Any CPU.ActiveCfg = Release|Any CPU
		{E7839DDD-ABA8-4968-84AF-2D9324DD61B0}.Release|Any CPU.Build.0 = Release|Any CPU
		{E7839DDD-ABA8-4968-84AF-2D9324DD61B0}.Release|ARM.ActiveCfg = Release|Any CPU
		{E7839DDD-ABA8-4968-84AF-2D9324DD61B0}.Release|ARM.Build.0 = Release|Any CPU
		{E7839DDD-ABA8-4968-84AF-2D9324DD61B0}.Release|x64.ActiveCfg = Release|Any CPU
		{E7839DDD-ABA8-4968-84AF-2D9324DD61B0}.Release|x64.Build.0 = Release|Any CPU
		{E7839DDD-ABA8-4968-84AF-2D9324DD61B0}.Release|x86.ActiveCfg = Release|Any CPU
		{E7839DDD-ABA8-4968-84AF-2D9324DD61B0}.Release|x86.Build.0 = Release|Any CPU
		{BF059C89-008E-49FC-A97C-53FFCAC422D5}.Debug|Any CPU.ActiveCfg = Debug|Any CPU
		{BF059C89-008E-49FC-A97C-53FFCAC422D5}.Debug|Any CPU.Build.0 = Debug|Any CPU
		{BF059C89-008E-49FC-A97C-53FFCAC422D5}.Debug|ARM.ActiveCfg = Debug|Any CPU
		{BF059C89-008E-49FC-A97C-53FFCAC422D5}.Debug|ARM.Build.0 = Debug|Any CPU
		{BF059C89-008E-49FC-A97C-53FFCAC422D5}.Debug|x64.ActiveCfg = Debug|Any CPU
		{BF059C89-008E-49FC-A97C-53FFCAC422D5}.Debug|x64.Build.0 = Debug|Any CPU
		{BF059C89-008E-49FC-A97C-53FFCAC422D5}.Debug|x86.ActiveCfg = Debug|Any CPU
		{BF059C89-008E-49FC-A97C-53FFCAC422D5}.Debug|x86.Build.0 = Debug|Any CPU
		{BF059C89-008E-49FC-A97C-53FFCAC422D5}.Release|Any CPU.ActiveCfg = Release|Any CPU
		{BF059C89-008E-49FC-A97C-53FFCAC422D5}.Release|Any CPU.Build.0 = Release|Any CPU
		{BF059C89-008E-49FC-A97C-53FFCAC422D5}.Release|ARM.ActiveCfg = Release|Any CPU
		{BF059C89-008E-49FC-A97C-53FFCAC422D5}.Release|ARM.Build.0 = Release|Any CPU
		{BF059C89-008E-49FC-A97C-53FFCAC422D5}.Release|x64.ActiveCfg = Release|Any CPU
		{BF059C89-008E-49FC-A97C-53FFCAC422D5}.Release|x64.Build.0 = Release|Any CPU
		{BF059C89-008E-49FC-A97C-53FFCAC422D5}.Release|x86.ActiveCfg = Release|Any CPU
		{BF059C89-008E-49FC-A97C-53FFCAC422D5}.Release|x86.Build.0 = Release|Any CPU
	EndGlobalSection
	GlobalSection(SolutionProperties) = preSolution
		HideSolutionNode = FALSE
	EndGlobalSection
	GlobalSection(NestedProjects) = preSolution
		{D2C1E970-DC22-4E82-BAE7-60842E102C46} = {13457D22-0C4B-4C62-959C-4723480F5114}
		{B3C57760-FFC1-4A8D-8142-EE60CEE52E3F} = {CEFC154A-0D54-49C7-86BE-A79C8B1C6EE7}
	EndGlobalSection
EndGlobal
