
Microsoft Visual Studio Solution File, Format Version 12.00
# Visual Studio 14
VisualStudioVersion = 14.0.25420.1
MinimumVisualStudioVersion = 10.0.40219.1
Project("{FAE04EC0-301F-11D3-BF4B-00C04F79EFBC}") = "TreeEdit", "TreeEdit\TreeEdit.csproj", "{4BF08076-5BA3-45B8-8DA9-BED3C4BCA9F7}"
EndProject
Project("{FAE04EC0-301F-11D3-BF4B-00C04F79EFBC}") = "LongestCommonSubsequence", "LongestCommonAncestor\LongestCommonSubsequence.csproj", "{B66821A8-75DB-4165-83B7-91A8B5DF8EB0}"
EndProject
Project("{FAE04EC0-301F-11D3-BF4B-00C04F79EFBC}") = "TreeElement", "TreeElement\TreeElement.csproj", "{FE305989-4148-4861-A351-D9DE83F5428B}"
EndProject
Project("{2150E333-8FDC-42A3-9474-1A3956D46DE8}") = "Solution Items", "Solution Items", "{82715A84-FFDA-4E90-A8F0-0CC052A19D90}"
	ProjectSection(SolutionItems) = preProject
		ProgramSynthesis\grammar\Transformation.grammar = ProgramSynthesis\grammar\Transformation.grammar
	EndProjectSection
EndProject
Project("{FAE04EC0-301F-11D3-BF4B-00C04F79EFBC}") = "LCA", "LCA\LCA.csproj", "{F256F0B4-F9B1-49CE-86C2-F70096E96F88}"
EndProject
Project("{FAE04EC0-301F-11D3-BF4B-00C04F79EFBC}") = "RefazerUI", "RefazerUI\RefazerUI.csproj", "{7814C212-DB9F-4726-9F15-F38630655DD9}"
EndProject
Project("{FAE04EC0-301F-11D3-BF4B-00C04F79EFBC}") = "Transform", "Transform\Transform.csproj", "{B8C28246-C8AC-413F-B3A1-84A9A3C6B9B0}"
EndProject
Project("{2150E333-8FDC-42A3-9474-1A3956D46DE8}") = "UI", "UI", "{CEFC154A-0D54-49C7-86BE-A79C8B1C6EE7}"
EndProject
Project("{FAE04EC0-301F-11D3-BF4B-00C04F79EFBC}") = "Init", "Init\Init.csproj", "{953BC201-6CD1-4BFA-BC08-FA4AC904CA81}"
EndProject
Project("{2150E333-8FDC-42A3-9474-1A3956D46DE8}") = "Controller", "Controller", "{13457D22-0C4B-4C62-959C-4723480F5114}"
EndProject
Project("{FAE04EC0-301F-11D3-BF4B-00C04F79EFBC}") = "Controller", "Controller\Controller.csproj", "{D2C1E970-DC22-4E82-BAE7-60842E102C46}"
EndProject
Project("{FAE04EC0-301F-11D3-BF4B-00C04F79EFBC}") = "RefazerManager", "ProgramSynthesis\RefazerManager\RefazerManager.csproj", "{D9640D0E-12D7-45FE-B404-5D41BBA5F167}"
EndProject
Project("{FAE04EC0-301F-11D3-BF4B-00C04F79EFBC}") = "RefazerTests", "ProgramSynthesis\RefazerTests\RefazerTests.csproj", "{50F1AED2-6A65-4FC8-93CB-E8E7E12D246E}"
EndProject
Project("{FAE04EC0-301F-11D3-BF4B-00C04F79EFBC}") = "RefazerFunctions", "RefazerFunctions\RefazerFunctions.csproj", "{07C1A3BF-5392-4686-923E-AD52280EFECD}"
EndProject
Project("{FAE04EC0-301F-11D3-BF4B-00C04F79EFBC}") = "WorkSpaces", "WorkSpaces\WorkSpaces.csproj", "{64F1217C-F112-40D6-9BA9-D8D7856CF9B0}"
EndProject
Global
	GlobalSection(SolutionConfigurationPlatforms) = preSolution
		Debug|Any CPU = Debug|Any CPU
		Debug|ARM = Debug|ARM
		Debug|x64 = Debug|x64
		Debug|x86 = Debug|x86
		Release|Any CPU = Release|Any CPU
		Release|ARM = Release|ARM
		Release|x64 = Release|x64
		Release|x86 = Release|x86
	EndGlobalSection
	GlobalSection(ProjectConfigurationPlatforms) = postSolution
		{4BF08076-5BA3-45B8-8DA9-BED3C4BCA9F7}.Debug|Any CPU.ActiveCfg = Debug|Any CPU
		{4BF08076-5BA3-45B8-8DA9-BED3C4BCA9F7}.Debug|Any CPU.Build.0 = Debug|Any CPU
		{4BF08076-5BA3-45B8-8DA9-BED3C4BCA9F7}.Debug|ARM.ActiveCfg = Debug|Any CPU
		{4BF08076-5BA3-45B8-8DA9-BED3C4BCA9F7}.Debug|ARM.Build.0 = Debug|Any CPU
		{4BF08076-5BA3-45B8-8DA9-BED3C4BCA9F7}.Debug|x64.ActiveCfg = Debug|Any CPU
		{4BF08076-5BA3-45B8-8DA9-BED3C4BCA9F7}.Debug|x64.Build.0 = Debug|Any CPU
		{4BF08076-5BA3-45B8-8DA9-BED3C4BCA9F7}.Debug|x86.ActiveCfg = Debug|Any CPU
		{4BF08076-5BA3-45B8-8DA9-BED3C4BCA9F7}.Debug|x86.Build.0 = Debug|Any CPU
		{4BF08076-5BA3-45B8-8DA9-BED3C4BCA9F7}.Release|Any CPU.ActiveCfg = Release|Any CPU
		{4BF08076-5BA3-45B8-8DA9-BED3C4BCA9F7}.Release|Any CPU.Build.0 = Release|Any CPU
		{4BF08076-5BA3-45B8-8DA9-BED3C4BCA9F7}.Release|ARM.ActiveCfg = Release|Any CPU
		{4BF08076-5BA3-45B8-8DA9-BED3C4BCA9F7}.Release|ARM.Build.0 = Release|Any CPU
		{4BF08076-5BA3-45B8-8DA9-BED3C4BCA9F7}.Release|x64.ActiveCfg = Release|Any CPU
		{4BF08076-5BA3-45B8-8DA9-BED3C4BCA9F7}.Release|x64.Build.0 = Release|Any CPU
		{4BF08076-5BA3-45B8-8DA9-BED3C4BCA9F7}.Release|x86.ActiveCfg = Release|Any CPU
		{4BF08076-5BA3-45B8-8DA9-BED3C4BCA9F7}.Release|x86.Build.0 = Release|Any CPU
		{B66821A8-75DB-4165-83B7-91A8B5DF8EB0}.Debug|Any CPU.ActiveCfg = Debug|Any CPU
		{B66821A8-75DB-4165-83B7-91A8B5DF8EB0}.Debug|Any CPU.Build.0 = Debug|Any CPU
		{B66821A8-75DB-4165-83B7-91A8B5DF8EB0}.Debug|ARM.ActiveCfg = Debug|Any CPU
		{B66821A8-75DB-4165-83B7-91A8B5DF8EB0}.Debug|ARM.Build.0 = Debug|Any CPU
		{B66821A8-75DB-4165-83B7-91A8B5DF8EB0}.Debug|x64.ActiveCfg = Debug|Any CPU
		{B66821A8-75DB-4165-83B7-91A8B5DF8EB0}.Debug|x64.Build.0 = Debug|Any CPU
		{B66821A8-75DB-4165-83B7-91A8B5DF8EB0}.Debug|x86.ActiveCfg = Debug|Any CPU
		{B66821A8-75DB-4165-83B7-91A8B5DF8EB0}.Debug|x86.Build.0 = Debug|Any CPU
		{B66821A8-75DB-4165-83B7-91A8B5DF8EB0}.Release|Any CPU.ActiveCfg = Release|Any CPU
		{B66821A8-75DB-4165-83B7-91A8B5DF8EB0}.Release|Any CPU.Build.0 = Release|Any CPU
		{B66821A8-75DB-4165-83B7-91A8B5DF8EB0}.Release|ARM.ActiveCfg = Release|Any CPU
		{B66821A8-75DB-4165-83B7-91A8B5DF8EB0}.Release|ARM.Build.0 = Release|Any CPU
		{B66821A8-75DB-4165-83B7-91A8B5DF8EB0}.Release|x64.ActiveCfg = Release|Any CPU
		{B66821A8-75DB-4165-83B7-91A8B5DF8EB0}.Release|x64.Build.0 = Release|Any CPU
		{B66821A8-75DB-4165-83B7-91A8B5DF8EB0}.Release|x86.ActiveCfg = Release|Any CPU
		{B66821A8-75DB-4165-83B7-91A8B5DF8EB0}.Release|x86.Build.0 = Release|Any CPU
		{FE305989-4148-4861-A351-D9DE83F5428B}.Debug|Any CPU.ActiveCfg = Debug|Any CPU
		{FE305989-4148-4861-A351-D9DE83F5428B}.Debug|Any CPU.Build.0 = Debug|Any CPU
		{FE305989-4148-4861-A351-D9DE83F5428B}.Debug|ARM.ActiveCfg = Debug|Any CPU
		{FE305989-4148-4861-A351-D9DE83F5428B}.Debug|ARM.Build.0 = Debug|Any CPU
		{FE305989-4148-4861-A351-D9DE83F5428B}.Debug|x64.ActiveCfg = Debug|Any CPU
		{FE305989-4148-4861-A351-D9DE83F5428B}.Debug|x64.Build.0 = Debug|Any CPU
		{FE305989-4148-4861-A351-D9DE83F5428B}.Debug|x86.ActiveCfg = Debug|Any CPU
		{FE305989-4148-4861-A351-D9DE83F5428B}.Debug|x86.Build.0 = Debug|Any CPU
		{FE305989-4148-4861-A351-D9DE83F5428B}.Release|Any CPU.ActiveCfg = Release|Any CPU
		{FE305989-4148-4861-A351-D9DE83F5428B}.Release|Any CPU.Build.0 = Release|Any CPU
		{FE305989-4148-4861-A351-D9DE83F5428B}.Release|ARM.ActiveCfg = Release|Any CPU
		{FE305989-4148-4861-A351-D9DE83F5428B}.Release|ARM.Build.0 = Release|Any CPU
		{FE305989-4148-4861-A351-D9DE83F5428B}.Release|x64.ActiveCfg = Release|Any CPU
		{FE305989-4148-4861-A351-D9DE83F5428B}.Release|x64.Build.0 = Release|Any CPU
		{FE305989-4148-4861-A351-D9DE83F5428B}.Release|x86.ActiveCfg = Release|Any CPU
		{FE305989-4148-4861-A351-D9DE83F5428B}.Release|x86.Build.0 = Release|Any CPU
		{F256F0B4-F9B1-49CE-86C2-F70096E96F88}.Debug|Any CPU.ActiveCfg = Debug|Any CPU
		{F256F0B4-F9B1-49CE-86C2-F70096E96F88}.Debug|Any CPU.Build.0 = Debug|Any CPU
		{F256F0B4-F9B1-49CE-86C2-F70096E96F88}.Debug|ARM.ActiveCfg = Debug|Any CPU
		{F256F0B4-F9B1-49CE-86C2-F70096E96F88}.Debug|ARM.Build.0 = Debug|Any CPU
		{F256F0B4-F9B1-49CE-86C2-F70096E96F88}.Debug|x64.ActiveCfg = Debug|Any CPU
		{F256F0B4-F9B1-49CE-86C2-F70096E96F88}.Debug|x64.Build.0 = Debug|Any CPU
		{F256F0B4-F9B1-49CE-86C2-F70096E96F88}.Debug|x86.ActiveCfg = Debug|Any CPU
		{F256F0B4-F9B1-49CE-86C2-F70096E96F88}.Debug|x86.Build.0 = Debug|Any CPU
		{F256F0B4-F9B1-49CE-86C2-F70096E96F88}.Release|Any CPU.ActiveCfg = Release|Any CPU
		{F256F0B4-F9B1-49CE-86C2-F70096E96F88}.Release|Any CPU.Build.0 = Release|Any CPU
		{F256F0B4-F9B1-49CE-86C2-F70096E96F88}.Release|ARM.ActiveCfg = Release|Any CPU
		{F256F0B4-F9B1-49CE-86C2-F70096E96F88}.Release|ARM.Build.0 = Release|Any CPU
		{F256F0B4-F9B1-49CE-86C2-F70096E96F88}.Release|x64.ActiveCfg = Release|Any CPU
		{F256F0B4-F9B1-49CE-86C2-F70096E96F88}.Release|x64.Build.0 = Release|Any CPU
		{F256F0B4-F9B1-49CE-86C2-F70096E96F88}.Release|x86.ActiveCfg = Release|Any CPU
		{F256F0B4-F9B1-49CE-86C2-F70096E96F88}.Release|x86.Build.0 = Release|Any CPU
		{7814C212-DB9F-4726-9F15-F38630655DD9}.Debug|Any CPU.ActiveCfg = Debug|Any CPU
		{7814C212-DB9F-4726-9F15-F38630655DD9}.Debug|Any CPU.Build.0 = Debug|Any CPU
		{7814C212-DB9F-4726-9F15-F38630655DD9}.Debug|ARM.ActiveCfg = Debug|Any CPU
		{7814C212-DB9F-4726-9F15-F38630655DD9}.Debug|ARM.Build.0 = Debug|Any CPU
		{7814C212-DB9F-4726-9F15-F38630655DD9}.Debug|x64.ActiveCfg = Debug|Any CPU
		{7814C212-DB9F-4726-9F15-F38630655DD9}.Debug|x64.Build.0 = Debug|Any CPU
		{7814C212-DB9F-4726-9F15-F38630655DD9}.Debug|x86.ActiveCfg = Debug|Any CPU
		{7814C212-DB9F-4726-9F15-F38630655DD9}.Debug|x86.Build.0 = Debug|Any CPU
		{7814C212-DB9F-4726-9F15-F38630655DD9}.Release|Any CPU.ActiveCfg = Release|Any CPU
		{7814C212-DB9F-4726-9F15-F38630655DD9}.Release|Any CPU.Build.0 = Release|Any CPU
		{7814C212-DB9F-4726-9F15-F38630655DD9}.Release|ARM.ActiveCfg = Release|Any CPU
		{7814C212-DB9F-4726-9F15-F38630655DD9}.Release|ARM.Build.0 = Release|Any CPU
		{7814C212-DB9F-4726-9F15-F38630655DD9}.Release|x64.ActiveCfg = Release|Any CPU
		{7814C212-DB9F-4726-9F15-F38630655DD9}.Release|x64.Build.0 = Release|Any CPU
		{7814C212-DB9F-4726-9F15-F38630655DD9}.Release|x86.ActiveCfg = Release|Any CPU
		{7814C212-DB9F-4726-9F15-F38630655DD9}.Release|x86.Build.0 = Release|Any CPU
		{B8C28246-C8AC-413F-B3A1-84A9A3C6B9B0}.Debug|Any CPU.ActiveCfg = Debug|Any CPU
		{B8C28246-C8AC-413F-B3A1-84A9A3C6B9B0}.Debug|Any CPU.Build.0 = Debug|Any CPU
		{B8C28246-C8AC-413F-B3A1-84A9A3C6B9B0}.Debug|ARM.ActiveCfg = Debug|Any CPU
		{B8C28246-C8AC-413F-B3A1-84A9A3C6B9B0}.Debug|ARM.Build.0 = Debug|Any CPU
		{B8C28246-C8AC-413F-B3A1-84A9A3C6B9B0}.Debug|x64.ActiveCfg = Debug|Any CPU
		{B8C28246-C8AC-413F-B3A1-84A9A3C6B9B0}.Debug|x64.Build.0 = Debug|Any CPU
		{B8C28246-C8AC-413F-B3A1-84A9A3C6B9B0}.Debug|x86.ActiveCfg = Debug|Any CPU
		{B8C28246-C8AC-413F-B3A1-84A9A3C6B9B0}.Debug|x86.Build.0 = Debug|Any CPU
		{B8C28246-C8AC-413F-B3A1-84A9A3C6B9B0}.Release|Any CPU.ActiveCfg = Release|Any CPU
		{B8C28246-C8AC-413F-B3A1-84A9A3C6B9B0}.Release|Any CPU.Build.0 = Release|Any CPU
		{B8C28246-C8AC-413F-B3A1-84A9A3C6B9B0}.Release|ARM.ActiveCfg = Release|Any CPU
		{B8C28246-C8AC-413F-B3A1-84A9A3C6B9B0}.Release|ARM.Build.0 = Release|Any CPU
		{B8C28246-C8AC-413F-B3A1-84A9A3C6B9B0}.Release|x64.ActiveCfg = Release|Any CPU
		{B8C28246-C8AC-413F-B3A1-84A9A3C6B9B0}.Release|x64.Build.0 = Release|Any CPU
		{B8C28246-C8AC-413F-B3A1-84A9A3C6B9B0}.Release|x86.ActiveCfg = Release|Any CPU
		{B8C28246-C8AC-413F-B3A1-84A9A3C6B9B0}.Release|x86.Build.0 = Release|Any CPU
		{953BC201-6CD1-4BFA-BC08-FA4AC904CA81}.Debug|Any CPU.ActiveCfg = Debug|Any CPU
		{953BC201-6CD1-4BFA-BC08-FA4AC904CA81}.Debug|Any CPU.Build.0 = Debug|Any CPU
		{953BC201-6CD1-4BFA-BC08-FA4AC904CA81}.Debug|ARM.ActiveCfg = Debug|Any CPU
		{953BC201-6CD1-4BFA-BC08-FA4AC904CA81}.Debug|ARM.Build.0 = Debug|Any CPU
		{953BC201-6CD1-4BFA-BC08-FA4AC904CA81}.Debug|x64.ActiveCfg = Debug|Any CPU
		{953BC201-6CD1-4BFA-BC08-FA4AC904CA81}.Debug|x64.Build.0 = Debug|Any CPU
		{953BC201-6CD1-4BFA-BC08-FA4AC904CA81}.Debug|x86.ActiveCfg = Debug|Any CPU
		{953BC201-6CD1-4BFA-BC08-FA4AC904CA81}.Debug|x86.Build.0 = Debug|Any CPU
		{953BC201-6CD1-4BFA-BC08-FA4AC904CA81}.Release|Any CPU.ActiveCfg = Release|Any CPU
		{953BC201-6CD1-4BFA-BC08-FA4AC904CA81}.Release|Any CPU.Build.0 = Release|Any CPU
		{953BC201-6CD1-4BFA-BC08-FA4AC904CA81}.Release|ARM.ActiveCfg = Release|Any CPU
		{953BC201-6CD1-4BFA-BC08-FA4AC904CA81}.Release|ARM.Build.0 = Release|Any CPU
		{953BC201-6CD1-4BFA-BC08-FA4AC904CA81}.Release|x64.ActiveCfg = Release|Any CPU
		{953BC201-6CD1-4BFA-BC08-FA4AC904CA81}.Release|x64.Build.0 = Release|Any CPU
		{953BC201-6CD1-4BFA-BC08-FA4AC904CA81}.Release|x86.ActiveCfg = Release|Any CPU
		{953BC201-6CD1-4BFA-BC08-FA4AC904CA81}.Release|x86.Build.0 = Release|Any CPU
		{D2C1E970-DC22-4E82-BAE7-60842E102C46}.Debug|Any CPU.ActiveCfg = Debug|Any CPU
		{D2C1E970-DC22-4E82-BAE7-60842E102C46}.Debug|Any CPU.Build.0 = Debug|Any CPU
		{D2C1E970-DC22-4E82-BAE7-60842E102C46}.Debug|ARM.ActiveCfg = Debug|Any CPU
		{D2C1E970-DC22-4E82-BAE7-60842E102C46}.Debug|ARM.Build.0 = Debug|Any CPU
		{D2C1E970-DC22-4E82-BAE7-60842E102C46}.Debug|x64.ActiveCfg = Debug|Any CPU
		{D2C1E970-DC22-4E82-BAE7-60842E102C46}.Debug|x64.Build.0 = Debug|Any CPU
		{D2C1E970-DC22-4E82-BAE7-60842E102C46}.Debug|x86.ActiveCfg = Debug|Any CPU
		{D2C1E970-DC22-4E82-BAE7-60842E102C46}.Debug|x86.Build.0 = Debug|Any CPU
		{D2C1E970-DC22-4E82-BAE7-60842E102C46}.Release|Any CPU.ActiveCfg = Release|Any CPU
		{D2C1E970-DC22-4E82-BAE7-60842E102C46}.Release|Any CPU.Build.0 = Release|Any CPU
		{D2C1E970-DC22-4E82-BAE7-60842E102C46}.Release|ARM.ActiveCfg = Release|Any CPU
		{D2C1E970-DC22-4E82-BAE7-60842E102C46}.Release|ARM.Build.0 = Release|Any CPU
		{D2C1E970-DC22-4E82-BAE7-60842E102C46}.Release|x64.ActiveCfg = Release|Any CPU
		{D2C1E970-DC22-4E82-BAE7-60842E102C46}.Release|x64.Build.0 = Release|Any CPU
		{D2C1E970-DC22-4E82-BAE7-60842E102C46}.Release|x86.ActiveCfg = Release|Any CPU
		{D2C1E970-DC22-4E82-BAE7-60842E102C46}.Release|x86.Build.0 = Release|Any CPU
		{D9640D0E-12D7-45FE-B404-5D41BBA5F167}.Debug|Any CPU.ActiveCfg = Debug|Any CPU
		{D9640D0E-12D7-45FE-B404-5D41BBA5F167}.Debug|Any CPU.Build.0 = Debug|Any CPU
		{D9640D0E-12D7-45FE-B404-5D41BBA5F167}.Debug|ARM.ActiveCfg = Debug|Any CPU
		{D9640D0E-12D7-45FE-B404-5D41BBA5F167}.Debug|ARM.Build.0 = Debug|Any CPU
		{D9640D0E-12D7-45FE-B404-5D41BBA5F167}.Debug|x64.ActiveCfg = Debug|Any CPU
		{D9640D0E-12D7-45FE-B404-5D41BBA5F167}.Debug|x64.Build.0 = Debug|Any CPU
		{D9640D0E-12D7-45FE-B404-5D41BBA5F167}.Debug|x86.ActiveCfg = Debug|Any CPU
		{D9640D0E-12D7-45FE-B404-5D41BBA5F167}.Debug|x86.Build.0 = Debug|Any CPU
		{D9640D0E-12D7-45FE-B404-5D41BBA5F167}.Release|Any CPU.ActiveCfg = Release|Any CPU
		{D9640D0E-12D7-45FE-B404-5D41BBA5F167}.Release|Any CPU.Build.0 = Release|Any CPU
		{D9640D0E-12D7-45FE-B404-5D41BBA5F167}.Release|ARM.ActiveCfg = Release|Any CPU
		{D9640D0E-12D7-45FE-B404-5D41BBA5F167}.Release|ARM.Build.0 = Release|Any CPU
		{D9640D0E-12D7-45FE-B404-5D41BBA5F167}.Release|x64.ActiveCfg = Release|Any CPU
		{D9640D0E-12D7-45FE-B404-5D41BBA5F167}.Release|x64.Build.0 = Release|Any CPU
		{D9640D0E-12D7-45FE-B404-5D41BBA5F167}.Release|x86.ActiveCfg = Release|Any CPU
		{D9640D0E-12D7-45FE-B404-5D41BBA5F167}.Release|x86.Build.0 = Release|Any CPU
		{50F1AED2-6A65-4FC8-93CB-E8E7E12D246E}.Debug|Any CPU.ActiveCfg = Debug|Any CPU
		{50F1AED2-6A65-4FC8-93CB-E8E7E12D246E}.Debug|Any CPU.Build.0 = Debug|Any CPU
		{50F1AED2-6A65-4FC8-93CB-E8E7E12D246E}.Debug|ARM.ActiveCfg = Debug|Any CPU
		{50F1AED2-6A65-4FC8-93CB-E8E7E12D246E}.Debug|ARM.Build.0 = Debug|Any CPU
		{50F1AED2-6A65-4FC8-93CB-E8E7E12D246E}.Debug|x64.ActiveCfg = Debug|Any CPU
		{50F1AED2-6A65-4FC8-93CB-E8E7E12D246E}.Debug|x64.Build.0 = Debug|Any CPU
		{50F1AED2-6A65-4FC8-93CB-E8E7E12D246E}.Debug|x86.ActiveCfg = Debug|Any CPU
		{50F1AED2-6A65-4FC8-93CB-E8E7E12D246E}.Debug|x86.Build.0 = Debug|Any CPU
		{50F1AED2-6A65-4FC8-93CB-E8E7E12D246E}.Release|Any CPU.ActiveCfg = Release|Any CPU
		{50F1AED2-6A65-4FC8-93CB-E8E7E12D246E}.Release|Any CPU.Build.0 = Release|Any CPU
		{50F1AED2-6A65-4FC8-93CB-E8E7E12D246E}.Release|ARM.ActiveCfg = Release|Any CPU
		{50F1AED2-6A65-4FC8-93CB-E8E7E12D246E}.Release|ARM.Build.0 = Release|Any CPU
		{50F1AED2-6A65-4FC8-93CB-E8E7E12D246E}.Release|x64.ActiveCfg = Release|Any CPU
		{50F1AED2-6A65-4FC8-93CB-E8E7E12D246E}.Release|x64.Build.0 = Release|Any CPU
		{50F1AED2-6A65-4FC8-93CB-E8E7E12D246E}.Release|x86.ActiveCfg = Release|Any CPU
		{50F1AED2-6A65-4FC8-93CB-E8E7E12D246E}.Release|x86.Build.0 = Release|Any CPU
		{07C1A3BF-5392-4686-923E-AD52280EFECD}.Debug|Any CPU.ActiveCfg = Debug|Any CPU
		{07C1A3BF-5392-4686-923E-AD52280EFECD}.Debug|Any CPU.Build.0 = Debug|Any CPU
		{07C1A3BF-5392-4686-923E-AD52280EFECD}.Debug|ARM.ActiveCfg = Debug|Any CPU
		{07C1A3BF-5392-4686-923E-AD52280EFECD}.Debug|ARM.Build.0 = Debug|Any CPU
		{07C1A3BF-5392-4686-923E-AD52280EFECD}.Debug|x64.ActiveCfg = Debug|Any CPU
		{07C1A3BF-5392-4686-923E-AD52280EFECD}.Debug|x64.Build.0 = Debug|Any CPU
		{07C1A3BF-5392-4686-923E-AD52280EFECD}.Debug|x86.ActiveCfg = Debug|Any CPU
		{07C1A3BF-5392-4686-923E-AD52280EFECD}.Debug|x86.Build.0 = Debug|Any CPU
		{07C1A3BF-5392-4686-923E-AD52280EFECD}.Release|Any CPU.ActiveCfg = Release|Any CPU
		{07C1A3BF-5392-4686-923E-AD52280EFECD}.Release|Any CPU.Build.0 = Release|Any CPU
		{07C1A3BF-5392-4686-923E-AD52280EFECD}.Release|ARM.ActiveCfg = Release|Any CPU
		{07C1A3BF-5392-4686-923E-AD52280EFECD}.Release|ARM.Build.0 = Release|Any CPU
		{07C1A3BF-5392-4686-923E-AD52280EFECD}.Release|x64.ActiveCfg = Release|Any CPU
		{07C1A3BF-5392-4686-923E-AD52280EFECD}.Release|x64.Build.0 = Release|Any CPU
		{07C1A3BF-5392-4686-923E-AD52280EFECD}.Release|x86.ActiveCfg = Release|Any CPU
		{07C1A3BF-5392-4686-923E-AD52280EFECD}.Release|x86.Build.0 = Release|Any CPU
		{64F1217C-F112-40D6-9BA9-D8D7856CF9B0}.Debug|Any CPU.ActiveCfg = Debug|Any CPU
		{64F1217C-F112-40D6-9BA9-D8D7856CF9B0}.Debug|Any CPU.Build.0 = Debug|Any CPU
		{64F1217C-F112-40D6-9BA9-D8D7856CF9B0}.Debug|ARM.ActiveCfg = Debug|Any CPU
		{64F1217C-F112-40D6-9BA9-D8D7856CF9B0}.Debug|ARM.Build.0 = Debug|Any CPU
		{64F1217C-F112-40D6-9BA9-D8D7856CF9B0}.Debug|x64.ActiveCfg = Debug|Any CPU
		{64F1217C-F112-40D6-9BA9-D8D7856CF9B0}.Debug|x64.Build.0 = Debug|Any CPU
		{64F1217C-F112-40D6-9BA9-D8D7856CF9B0}.Debug|x86.ActiveCfg = Debug|Any CPU
		{64F1217C-F112-40D6-9BA9-D8D7856CF9B0}.Debug|x86.Build.0 = Debug|Any CPU
		{64F1217C-F112-40D6-9BA9-D8D7856CF9B0}.Release|Any CPU.ActiveCfg = Release|Any CPU
		{64F1217C-F112-40D6-9BA9-D8D7856CF9B0}.Release|Any CPU.Build.0 = Release|Any CPU
		{64F1217C-F112-40D6-9BA9-D8D7856CF9B0}.Release|ARM.ActiveCfg = Release|Any CPU
		{64F1217C-F112-40D6-9BA9-D8D7856CF9B0}.Release|ARM.Build.0 = Release|Any CPU
		{64F1217C-F112-40D6-9BA9-D8D7856CF9B0}.Release|x64.ActiveCfg = Release|Any CPU
		{64F1217C-F112-40D6-9BA9-D8D7856CF9B0}.Release|x64.Build.0 = Release|Any CPU
		{64F1217C-F112-40D6-9BA9-D8D7856CF9B0}.Release|x86.ActiveCfg = Release|Any CPU
		{64F1217C-F112-40D6-9BA9-D8D7856CF9B0}.Release|x86.Build.0 = Release|Any CPU
	EndGlobalSection
	GlobalSection(SolutionProperties) = preSolution
		HideSolutionNode = FALSE
	EndGlobalSection
	GlobalSection(NestedProjects) = preSolution
		{7814C212-DB9F-4726-9F15-F38630655DD9} = {CEFC154A-0D54-49C7-86BE-A79C8B1C6EE7}
		{B8C28246-C8AC-413F-B3A1-84A9A3C6B9B0} = {CEFC154A-0D54-49C7-86BE-A79C8B1C6EE7}
		{953BC201-6CD1-4BFA-BC08-FA4AC904CA81} = {CEFC154A-0D54-49C7-86BE-A79C8B1C6EE7}
		{D2C1E970-DC22-4E82-BAE7-60842E102C46} = {13457D22-0C4B-4C62-959C-4723480F5114}
	EndGlobalSection
EndGlobal
