
Microsoft Visual Studio Solution File, Format Version 12.00
# Visual Studio 2013
VisualStudioVersion = 12.0.30324.0
MinimumVisualStudioVersion = 10.0.40219.1
Project("{FAE04EC0-301F-11D3-BF4B-00C04F79EFBC}") = "Proj4_673f18e1f9bbbae8a8bd8333f367c86d935e8eb8", "Proj4_673f18e1f9bbbae8a8bd8333f367c86d935e8eb8.csproj", "{F8BEB8FD-AAE7-45B5-9B34-8DE7CB8FD549}"
EndProject
Global
	GlobalSection(SolutionConfigurationPlatforms) = preSolution
		Debug|x86 = Debug|x86
		Release|x86 = Release|x86
	EndGlobalSection
	GlobalSection(ProjectConfigurationPlatforms) = postSolution
		{F8BEB8FD-AAE7-45B5-9B34-8DE7CB8FD549}.Debug|x86.ActiveCfg = Debug|x86
		{F8BEB8FD-AAE7-45B5-9B34-8DE7CB8FD549}.Debug|x86.Build.0 = Debug|x86
		{F8BEB8FD-AAE7-45B5-9B34-8DE7CB8FD549}.Release|x86.ActiveCfg = Release|x86
		{F8BEB8FD-AAE7-45B5-9B34-8DE7CB8FD549}.Release|x86.Build.0 = Release|x86
	EndGlobalSection
	GlobalSection(SolutionProperties) = preSolution
		HideSolutionNode = FALSE
	EndGlobalSection
EndGlobal
