
Microsoft Visual Studio Solution File, Format Version 12.00
# Visual Studio 2013
VisualStudioVersion = 12.0.30501.0
MinimumVisualStudioVersion = 10.0.40219.1
Project("{FAE04EC0-301F-11D3-BF4B-00C04F79EFBC}") = "Proj2_8d452499b23e250232406fa9c875973a054b17f9", "Proj2_8d452499b23e250232406fa9c875973a054b17f9.csproj", "{584FF7E7-FDB6-4EC5-9D57-D5808B12410B}"
EndProject
Global
	GlobalSection(SolutionConfigurationPlatforms) = preSolution
		Debug|x86 = Debug|x86
		Release|x86 = Release|x86
	EndGlobalSection
	GlobalSection(ProjectConfigurationPlatforms) = postSolution
		{584FF7E7-FDB6-4EC5-9D57-D5808B12410B}.Debug|x86.ActiveCfg = Debug|x86
		{584FF7E7-FDB6-4EC5-9D57-D5808B12410B}.Debug|x86.Build.0 = Debug|x86
		{584FF7E7-FDB6-4EC5-9D57-D5808B12410B}.Release|x86.ActiveCfg = Release|x86
		{584FF7E7-FDB6-4EC5-9D57-D5808B12410B}.Release|x86.Build.0 = Release|x86
	EndGlobalSection
	GlobalSection(SolutionProperties) = preSolution
		HideSolutionNode = FALSE
	EndGlobalSection
EndGlobal
