
Microsoft Visual Studio Solution File, Format Version 12.00
# Visual Studio 2013
VisualStudioVersion = 12.0.30501.0
MinimumVisualStudioVersion = 10.0.40219.1
Project("{FAE04EC0-301F-11D3-BF4B-00C04F79EFBC}") = "Proj3_a8836009a81d24b05d5d1ad7c480eeec6cbde31b", "Proj3_a8836009a81d24b05d5d1ad7c480eeec6cbde31b.csproj", "{15DD6776-BBFF-4077-9E88-CC72598806E3}"
EndProject
Global
	GlobalSection(SolutionConfigurationPlatforms) = preSolution
		Debug|x86 = Debug|x86
		Release|x86 = Release|x86
	EndGlobalSection
	GlobalSection(ProjectConfigurationPlatforms) = postSolution
		{15DD6776-BBFF-4077-9E88-CC72598806E3}.Debug|x86.ActiveCfg = Debug|x86
		{15DD6776-BBFF-4077-9E88-CC72598806E3}.Debug|x86.Build.0 = Debug|x86
		{15DD6776-BBFF-4077-9E88-CC72598806E3}.Release|x86.ActiveCfg = Release|x86
		{15DD6776-BBFF-4077-9E88-CC72598806E3}.Release|x86.Build.0 = Release|x86
	EndGlobalSection
	GlobalSection(SolutionProperties) = preSolution
		HideSolutionNode = FALSE
	EndGlobalSection
EndGlobal
