
Microsoft Visual Studio Solution File, Format Version 12.00
# Visual Studio 2013
VisualStudioVersion = 12.0.30324.0
MinimumVisualStudioVersion = 10.0.40219.1
Project("{FAE04EC0-301F-11D3-BF4B-00C04F79EFBC}") = "Proj00552fc2287f820ae9d42fd259aa6c07c2c5a805", "Proj00552fc2287f820ae9d42fd259aa6c07c2c5a805.csproj", "{3B4F1975-E410-48BB-A25E-08510227E63A}"
EndProject
Global
	GlobalSection(SolutionConfigurationPlatforms) = preSolution
		Debug|x86 = Debug|x86
		Release|x86 = Release|x86
	EndGlobalSection
	GlobalSection(ProjectConfigurationPlatforms) = postSolution
		{3B4F1975-E410-48BB-A25E-08510227E63A}.Debug|x86.ActiveCfg = Debug|x86
		{3B4F1975-E410-48BB-A25E-08510227E63A}.Debug|x86.Build.0 = Debug|x86
		{3B4F1975-E410-48BB-A25E-08510227E63A}.Release|x86.ActiveCfg = Release|x86
		{3B4F1975-E410-48BB-A25E-08510227E63A}.Release|x86.Build.0 = Release|x86
	EndGlobalSection
	GlobalSection(SolutionProperties) = preSolution
		HideSolutionNode = FALSE
	EndGlobalSection
EndGlobal
