
Microsoft Visual Studio Solution File, Format Version 12.00
# Visual Studio 2013
VisualStudioVersion = 12.0.30324.0
MinimumVisualStudioVersion = 10.0.40219.1
Project("{FAE04EC0-301F-11D3-BF4B-00C04F79EFBC}") = "Proj2_673f18e1f9bbbae8a8bd8333f367c86d935e8eb8", "Proj2_673f18e1f9bbbae8a8bd8333f367c86d935e8eb8.csproj", "{1F3E188C-A11F-4642-9653-903F7A4D82AC}"
EndProject
Global
	GlobalSection(SolutionConfigurationPlatforms) = preSolution
		Debug|x86 = Debug|x86
		Release|x86 = Release|x86
	EndGlobalSection
	GlobalSection(ProjectConfigurationPlatforms) = postSolution
		{1F3E188C-A11F-4642-9653-903F7A4D82AC}.Debug|x86.ActiveCfg = Debug|x86
		{1F3E188C-A11F-4642-9653-903F7A4D82AC}.Debug|x86.Build.0 = Debug|x86
		{1F3E188C-A11F-4642-9653-903F7A4D82AC}.Release|x86.ActiveCfg = Release|x86
		{1F3E188C-A11F-4642-9653-903F7A4D82AC}.Release|x86.Build.0 = Release|x86
	EndGlobalSection
	GlobalSection(SolutionProperties) = preSolution
		HideSolutionNode = FALSE
	EndGlobalSection
EndGlobal
