
Microsoft Visual Studio Solution File, Format Version 12.00
# Visual Studio 2013
VisualStudioVersion = 12.0.30324.0
MinimumVisualStudioVersion = 10.0.40219.1
Project("{FAE04EC0-301F-11D3-BF4B-00C04F79EFBC}") = "Projb495c9ac44440cda289f09eb40e276c8d8e27ee9", "Projb495c9ac44440cda289f09eb40e276c8d8e27ee9.csproj", "{8F07450F-78BF-4293-AE37-7F87D911E036}"
EndProject
Global
	GlobalSection(SolutionConfigurationPlatforms) = preSolution
		Debug|x86 = Debug|x86
		Release|x86 = Release|x86
	EndGlobalSection
	GlobalSection(ProjectConfigurationPlatforms) = postSolution
		{8F07450F-78BF-4293-AE37-7F87D911E036}.Debug|x86.ActiveCfg = Debug|x86
		{8F07450F-78BF-4293-AE37-7F87D911E036}.Debug|x86.Build.0 = Debug|x86
		{8F07450F-78BF-4293-AE37-7F87D911E036}.Release|x86.ActiveCfg = Release|x86
		{8F07450F-78BF-4293-AE37-7F87D911E036}.Release|x86.Build.0 = Release|x86
	EndGlobalSection
	GlobalSection(SolutionProperties) = preSolution
		HideSolutionNode = FALSE
	EndGlobalSection
EndGlobal
